# THIS IS AN AUTOGENERATED FILE. DO NOT EDIT THIS FILE DIRECTLY.
# yarn lockfile v1


"@types/core-js@0.9.43":
  version "0.9.43"
  resolved "https://registry.yarnpkg.com/@types/core-js/-/core-js-0.9.43.tgz#65d646c5e8c0cd1bdee37065799f9d3d48748253"

apollo-fetch@^0.6.0:
  version "0.6.0"
  resolved "https://registry.yarnpkg.com/apollo-fetch/-/apollo-fetch-0.6.0.tgz#aae9b28c117af344b091ec8ba4d1a5aa0474dc5d"
  dependencies:
    isomorphic-fetch "^2.2.1"

argsarray@0.0.1:
  version "0.0.1"
  resolved "https://registry.yarnpkg.com/argsarray/-/argsarray-0.0.1.tgz#6e7207b4ecdb39b0af88303fa5ae22bda8df61cb"

asap@~2.0.3:
  version "2.0.6"
  resolved "https://registry.yarnpkg.com/asap/-/asap-2.0.6.tgz#e50347611d7e690943208bbdafebcbc2fb866d46"

attempt-x@^1.1.0, attempt-x@^1.1.1:
  version "1.1.1"
  resolved "https://registry.yarnpkg.com/attempt-x/-/attempt-x-1.1.1.tgz#fba64e96ce03c3e0bd92c92622061c4df387cb76"

babel-polyfill@^6.23.0:
  version "6.26.0"
  resolved "https://registry.yarnpkg.com/babel-polyfill/-/babel-polyfill-6.26.0.tgz#379937abc67d7895970adc621f284cd966cf2153"
  dependencies:
    babel-runtime "^6.26.0"
    core-js "^2.5.0"
    regenerator-runtime "^0.10.5"

babel-runtime@^6.25.0, babel-runtime@^6.26.0:
  version "6.26.0"
  resolved "https://registry.yarnpkg.com/babel-runtime/-/babel-runtime-6.26.0.tgz#965c7058668e82b55d7bfe04ff2337bc8b5647fe"
  dependencies:
    core-js "^2.4.0"
    regenerator-runtime "^0.11.0"

buffer-from@0.1.1:
  version "0.1.1"
  resolved "https://registry.yarnpkg.com/buffer-from/-/buffer-from-0.1.1.tgz#57b18b1da0a19ec06f33837a5275a242351bd75e"
  dependencies:
    is-array-buffer-x "^1.0.13"

cached-constructors-x@^1.0.0:
  version "1.0.0"
  resolved "https://registry.yarnpkg.com/cached-constructors-x/-/cached-constructors-x-1.0.0.tgz#c421e3892a4b6f7794434bdcffd1299b330c181b"

clone-buffer@1.0.0:
  version "1.0.0"
  resolved "https://registry.yarnpkg.com/clone-buffer/-/clone-buffer-1.0.0.tgz#e3e25b207ac4e701af721e2cb5a16792cac3dc58"

clone@^2.1.1:
  version "2.1.1"
  resolved "https://registry.yarnpkg.com/clone/-/clone-2.1.1.tgz#d217d1e961118e3ac9a4b8bba3285553bf647cdb"

color-convert@^1.9.1:
  version "1.9.1"
  resolved "https://registry.yarnpkg.com/color-convert/-/color-convert-1.9.1.tgz#c1261107aeb2f294ebffec9ed9ecad529a6097ed"
  dependencies:
    color-name "^1.1.1"

color-name@^1.0.0, color-name@^1.1.1:
  version "1.1.3"
  resolved "https://registry.yarnpkg.com/color-name/-/color-name-1.1.3.tgz#a7d0558bd89c42f795dd42328f740831ca53bc25"

color-string@^1.5.2:
  version "1.5.2"
  resolved "https://registry.yarnpkg.com/color-string/-/color-string-1.5.2.tgz#26e45814bc3c9a7cbd6751648a41434514a773a9"
  dependencies:
    color-name "^1.0.0"
    simple-swizzle "^0.2.2"

color@^2.0.1:
  version "2.0.1"
  resolved "https://registry.yarnpkg.com/color/-/color-2.0.1.tgz#e4ed78a3c4603d0891eba5430b04b86314f4c839"
  dependencies:
    color-convert "^1.9.1"
    color-string "^1.5.2"

core-js@^1.0.0:
  version "1.2.7"
  resolved "https://registry.yarnpkg.com/core-js/-/core-js-1.2.7.tgz#652294c14651db28fa93bd2d5ff2983a4f08c636"

core-js@^2.4.0, core-js@^2.5.0:
  version "2.5.1"
  resolved "https://registry.yarnpkg.com/core-js/-/core-js-2.5.1.tgz#ae6874dc66937789b80754ff5428df66819ca50b"

create-react-class@^15.5.2:
  version "15.6.2"
  resolved "https://registry.yarnpkg.com/create-react-class/-/create-react-class-15.6.2.tgz#cf1ed15f12aad7f14ef5f2dfe05e6c42f91ef02a"
  dependencies:
    fbjs "^0.8.9"
    loose-envify "^1.3.1"
    object-assign "^4.1.1"

crypto-js@^3.1.8:
  version "3.1.8"
  resolved "https://registry.yarnpkg.com/crypto-js/-/crypto-js-3.1.8.tgz#715f070bf6014f2ae992a98b3929258b713f08d5"

date-fns@^2.0.0-alpha.7:
  version "2.0.0-alpha.7"
  resolved "https://registry.yarnpkg.com/date-fns/-/date-fns-2.0.0-alpha.7.tgz#245ad16f95764eababfb2c0a41fd5d033c20e57a"

debug@2.6.4:
  version "2.6.4"
  resolved "https://registry.yarnpkg.com/debug/-/debug-2.6.4.tgz#7586a9b3c39741c0282ae33445c4e8ac74734fe0"
  dependencies:
    ms "0.7.3"

debug@^3.1.0:
  version "3.1.0"
  resolved "https://registry.yarnpkg.com/debug/-/debug-3.1.0.tgz#5bb5a0672628b64149566ba16819e61518c67261"
  dependencies:
    ms "2.0.0"

deep-equal@^1.0.1:
  version "1.0.1"
  resolved "https://registry.yarnpkg.com/deep-equal/-/deep-equal-1.0.1.tgz#f5d260292b660e084eff4cdbc9f08ad3247448b5"

diacritic@0.0.2:
  version "0.0.2"
  resolved "https://registry.yarnpkg.com/diacritic/-/diacritic-0.0.2.tgz#fc2a887b5a5bc0a0a854fb614c7c2f209061ee04"

emojinize@^1.0.0:
  version "1.0.0"
  resolved "https://registry.yarnpkg.com/emojinize/-/emojinize-1.0.0.tgz#2809daef5290f53a484972103764c0356a3d4c8b"

encoding@^0.1.11:
  version "0.1.12"
  resolved "https://registry.yarnpkg.com/encoding/-/encoding-0.1.12.tgz#538b66f3ee62cd1ab51ec323829d1f9480c74beb"
  dependencies:
    iconv-lite "~0.4.13"

error-stack-parser@^1.3.6:
  version "1.3.6"
  resolved "https://registry.yarnpkg.com/error-stack-parser/-/error-stack-parser-1.3.6.tgz#e0e73b93e417138d1cd7c0b746b1a4a14854c292"
  dependencies:
    stackframe "^0.3.1"

fbjs@^0.8.16, fbjs@^0.8.9:
  version "0.8.16"
  resolved "https://registry.yarnpkg.com/fbjs/-/fbjs-0.8.16.tgz#5e67432f550dc41b572bf55847b8aca64e5337db"
  dependencies:
    core-js "^1.0.0"
    isomorphic-fetch "^2.1.1"
    loose-envify "^1.0.0"
    object-assign "^4.1.0"
    promise "^7.1.1"
    setimmediate "^1.0.5"
    ua-parser-js "^0.7.9"

fetch-vcr@^1.1.0:
  version "1.1.1"
  resolved "https://registry.yarnpkg.com/fetch-vcr/-/fetch-vcr-1.1.1.tgz#acd843963c221b1f3012283ab832f3c29da4617c"
  dependencies:
    node-fetch "^1.6.3"
    whatwg-fetch "^2.0.3"

generate-function@^2.0.0:
  version "2.0.0"
  resolved "https://registry.yarnpkg.com/generate-function/-/generate-function-2.0.0.tgz#6858fe7c0969b7d4e9093337647ac79f60dfbe74"

generate-object-property@^1.1.0:
  version "1.2.0"
  resolved "https://registry.yarnpkg.com/generate-object-property/-/generate-object-property-1.2.0.tgz#9c0e1c40308ce804f4783618b937fa88f99d50d0"
  dependencies:
    is-property "^1.0.0"

get-node-dimensions@^1.2.0:
  version "1.2.2"
  resolved "https://registry.yarnpkg.com/get-node-dimensions/-/get-node-dimensions-1.2.2.tgz#7a71e8624cf9e1ab74599bb05b7e5116e995e45b"

global-object@1.0.0:
  version "1.0.0"
  resolved "https://registry.yarnpkg.com/global-object/-/global-object-1.0.0.tgz#2a1b45e901d55e4773154f12f0cec1ef9aba5f9f"

has-own-property-x@^3.1.1:
  version "3.1.1"
  resolved "https://registry.yarnpkg.com/has-own-property-x/-/has-own-property-x-3.1.1.tgz#2156a8c7cb583b674afd051547ed30726396035f"
  dependencies:
    to-object-x "^1.4.1"
    to-property-key-x "^2.0.1"

has-symbol-support-x@^1.4.1:
  version "1.4.1"
  resolved "https://registry.yarnpkg.com/has-symbol-support-x/-/has-symbol-support-x-1.4.1.tgz#66ec2e377e0c7d7ccedb07a3a84d77510ff1bc4c"

has-to-string-tag-x@^1.4.1:
  version "1.4.1"
  resolved "https://registry.yarnpkg.com/has-to-string-tag-x/-/has-to-string-tag-x-1.4.1.tgz#a045ab383d7b4b2012a00148ab0aa5f290044d4d"
  dependencies:
    has-symbol-support-x "^1.4.1"

iconv-lite@~0.4.13:
  version "0.4.19"
  resolved "https://registry.yarnpkg.com/iconv-lite/-/iconv-lite-0.4.19.tgz#f7468f60135f5e5dad3399c0a81be9a1603a082b"

immediate@3.0.6, immediate@~3.0.5:
  version "3.0.6"
  resolved "https://registry.yarnpkg.com/immediate/-/immediate-3.0.6.tgz#9db1dbd0faf8de6fbe0f5dd5e56bb606280de69b"

infinity-x@^1.0.0:
  version "1.0.0"
  resolved "https://registry.yarnpkg.com/infinity-x/-/infinity-x-1.0.0.tgz#cea2d75181d820961b0f72d78e7c4e06fdd55a07"

inherits@2.0.3:
  version "2.0.3"
  resolved "https://registry.yarnpkg.com/inherits/-/inherits-2.0.3.tgz#633c2c83e3da42a502f52466022480f4208261de"

is-array-buffer-x@^1.0.13:
  version "1.7.0"
  resolved "https://registry.yarnpkg.com/is-array-buffer-x/-/is-array-buffer-x-1.7.0.tgz#4b0b10427b64aa3437767adf4fc07702c59b2371"
  dependencies:
    attempt-x "^1.1.0"
    has-to-string-tag-x "^1.4.1"
    is-object-like-x "^1.5.1"
    object-get-own-property-descriptor-x "^3.2.0"
    to-string-tag-x "^1.4.1"

is-arrayish@^0.3.1:
  version "0.3.1"
  resolved "https://registry.yarnpkg.com/is-arrayish/-/is-arrayish-0.3.1.tgz#c2dfc386abaa0c3e33c48db3fe87059e69065efd"

is-date-object@^1.0.1:
  version "1.0.1"
  resolved "https://registry.yarnpkg.com/is-date-object/-/is-date-object-1.0.1.tgz#9aa20eb6aeebbff77fbd33e74ca01b33581d3a16"

is-falsey-x@^1.0.0, is-falsey-x@^1.0.1:
  version "1.0.1"
  resolved "https://registry.yarnpkg.com/is-falsey-x/-/is-falsey-x-1.0.1.tgz#c469951adc95b8b3fdbf90929b335a7de937d17f"
  dependencies:
    to-boolean-x "^1.0.1"

is-finite-x@^3.0.1:
  version "3.0.2"
  resolved "https://registry.yarnpkg.com/is-finite-x/-/is-finite-x-3.0.2.tgz#a6ec683cfb2bc1a918a1ff59d178edbcea54f7a6"
  dependencies:
    infinity-x "^1.0.0"
    is-nan-x "^1.0.1"

is-function-x@^3.1.1, is-function-x@^3.2.0:
  version "3.2.0"
  resolved "https://registry.yarnpkg.com/is-function-x/-/is-function-x-3.2.0.tgz#38f3fe92324d1770531a4bf9adf4cbf26b1c3103"
  dependencies:
    attempt-x "^1.1.1"
    has-to-string-tag-x "^1.4.1"
    is-falsey-x "^1.0.1"
    is-primitive "^2.0.0"
    normalize-space-x "^2.0.0"
    replace-comments-x "^2.0.0"
    to-boolean-x "^1.0.1"
    to-string-tag-x "^1.4.2"

is-index-x@^1.0.0:
  version "1.0.0"
  resolved "https://registry.yarnpkg.com/is-index-x/-/is-index-x-1.0.0.tgz#55f022f861dbc44a862bc8ea03f6c3666fa168fc"
  dependencies:
    math-clamp-x "^1.0.0"
    max-safe-integer "^1.0.1"
    safe-to-string-x "^2.0.1"
    to-integer-x "^2.0.1"
    to-number-x "^1.0.1"

is-my-json-valid@2.16.1:
  version "2.16.1"
  resolved "https://registry.yarnpkg.com/is-my-json-valid/-/is-my-json-valid-2.16.1.tgz#5a846777e2c2620d1e69104e5d3a03b1f6088f11"
  dependencies:
    generate-function "^2.0.0"
    generate-object-property "^1.1.0"
    jsonpointer "^4.0.0"
    xtend "^4.0.0"

is-nan-x@^1.0.1:
  version "1.0.1"
  resolved "https://registry.yarnpkg.com/is-nan-x/-/is-nan-x-1.0.1.tgz#de747ebcc8bddeb66f367c17caca7eba843855c0"

is-nil-x@^1.4.1:
  version "1.4.1"
  resolved "https://registry.yarnpkg.com/is-nil-x/-/is-nil-x-1.4.1.tgz#bd9e7b08b4cd732f9dcbde13d93291bb2ec2e248"
  dependencies:
    lodash.isnull "^3.0.0"
    validate.io-undefined "^1.0.3"

is-object-like-x@^1.5.1:
  version "1.5.1"
  resolved "https://registry.yarnpkg.com/is-object-like-x/-/is-object-like-x-1.5.1.tgz#11a7ad9fa2ec9b75185beb1d6fe6d0006d99ee94"
  dependencies:
    is-function-x "^3.1.1"
    is-primitive "^2.0.0"

is-primitive@^2.0.0:
  version "2.0.0"
  resolved "https://registry.yarnpkg.com/is-primitive/-/is-primitive-2.0.0.tgz#207bab91638499c07b2adf240a41a87210034575"

is-property@^1.0.0:
  version "1.0.2"
  resolved "https://registry.yarnpkg.com/is-property/-/is-property-1.0.2.tgz#57fe1c4e48474edd65b09911f26b1cd4095dda84"

is-stream@^1.0.1:
  version "1.1.0"
  resolved "https://registry.yarnpkg.com/is-stream/-/is-stream-1.1.0.tgz#12d4a3dd4e68e0b79ceb8dbc84173ae80d91ca44"

is-string@^1.0.4:
  version "1.0.4"
  resolved "https://registry.yarnpkg.com/is-string/-/is-string-1.0.4.tgz#cc3a9b69857d621e963725a24caeec873b826e64"

is-symbol@^1.0.1:
  version "1.0.1"
  resolved "https://registry.yarnpkg.com/is-symbol/-/is-symbol-1.0.1.tgz#3cc59f00025194b6ab2e38dbae6689256b660572"

isomorphic-fetch@^2.1.1, isomorphic-fetch@^2.2.1:
  version "2.2.1"
  resolved "https://registry.yarnpkg.com/isomorphic-fetch/-/isomorphic-fetch-2.2.1.tgz#611ae1acf14f5e81f729507472819fe9733558a9"
  dependencies:
    node-fetch "^1.0.1"
    whatwg-fetch ">=0.10.0"

js-tokens@^3.0.0:
  version "3.0.2"
  resolved "https://registry.yarnpkg.com/js-tokens/-/js-tokens-3.0.2.tgz#9866df395102130e38f7f996bceb65443209c25b"

jsonpointer@^4.0.0:
  version "4.0.1"
  resolved "https://registry.yarnpkg.com/jsonpointer/-/jsonpointer-4.0.1.tgz#4fd92cb34e0e9db3c89c8622ecf51f9b978c6cb9"

keycode@^2.1.9:
  version "2.1.9"
  resolved "https://registry.yarnpkg.com/keycode/-/keycode-2.1.9.tgz#964a23c54e4889405b4861a5c9f0480d45141dfa"

latinize@0.4.0:
  version "0.4.0"
  resolved "https://registry.yarnpkg.com/latinize/-/latinize-0.4.0.tgz#27439b21e4eb7506c37717b638f1df2c49075a48"

lie@3.1.1:
  version "3.1.1"
  resolved "https://registry.yarnpkg.com/lie/-/lie-3.1.1.tgz#9a436b2cc7746ca59de7a41fa469b3efb76bd87e"
  dependencies:
    immediate "~3.0.5"

lodash-decorators@^3.0.2:
  version "3.0.2"
  resolved "https://registry.yarnpkg.com/lodash-decorators/-/lodash-decorators-3.0.2.tgz#4e496cec98eb008722b3a2a9a4a9b2cf04d71cb3"
  dependencies:
    lodash "^4.0.0"

lodash.isnull@^3.0.0:
  version "3.0.0"
  resolved "https://registry.yarnpkg.com/lodash.isnull/-/lodash.isnull-3.0.0.tgz#fafbe59ea1dca27eed786534039dd84c2e07c56e"

lodash@^4.0.0, lodash@^4.13.1, lodash@^4.16.4, lodash@^4.17.4:
  version "4.17.4"
  resolved "https://registry.yarnpkg.com/lodash/-/lodash-4.17.4.tgz#78203a4d1c328ae1d86dca6460e369b57f4055ae"

loose-envify@^1.0.0, loose-envify@^1.1.0, loose-envify@^1.3.1:
  version "1.3.1"
  resolved "https://registry.yarnpkg.com/loose-envify/-/loose-envify-1.3.1.tgz#d1a8ad33fa9ce0e713d65fdd0ac8b748d478c848"
  dependencies:
    js-tokens "^3.0.0"

match-sorter@^1.8.1:
  version "1.8.1"
  resolved "https://registry.yarnpkg.com/match-sorter/-/match-sorter-1.8.1.tgz#5b164e526c261dc8628db925430facbe0cd26614"
  dependencies:
    diacritic "0.0.2"
    global-object "1.0.0"

math-clamp-x@^1.0.0:
  version "1.1.0"
  resolved "https://registry.yarnpkg.com/math-clamp-x/-/math-clamp-x-1.1.0.tgz#0ed0685a64e6179effe4ec2646f58a1fe695514c"
  dependencies:
    to-number-x "^1.1.0"

math-sign-x@^2.1.0:
  version "2.1.0"
  resolved "https://registry.yarnpkg.com/math-sign-x/-/math-sign-x-2.1.0.tgz#1be7ae9ed89b976e007d0ef36b28c5db6fef430c"
  dependencies:
    is-nan-x "^1.0.1"
    to-number-x "^1.1.0"

max-safe-integer@^1.0.1:
  version "1.0.1"
  resolved "https://registry.yarnpkg.com/max-safe-integer/-/max-safe-integer-1.0.1.tgz#f38060be2c563d8c02e6d48af39122fd83b6f410"

mobx-formatters@^1.0.2:
  version "1.0.2"
  resolved "https://registry.yarnpkg.com/mobx-formatters/-/mobx-formatters-1.0.2.tgz#7eac3957adab1eeaca1c4a9c25da058b5765ee2a"

mobx-utils@^3.2.2:
  version "3.2.2"
  resolved "https://registry.yarnpkg.com/mobx-utils/-/mobx-utils-3.2.2.tgz#1979fe85a27df496d4f17af288813ac4fd356fd5"

mobx@^3.3.1:
  version "3.3.1"
  resolved "https://registry.yarnpkg.com/mobx/-/mobx-3.3.1.tgz#c38fc1a287a0dda3f5d4b85efe1137fedd9dcdf0"

modifyjs@0.3.1:
  version "0.3.1"
  resolved "https://registry.yarnpkg.com/modifyjs/-/modifyjs-0.3.1.tgz#72469477fb4c470971d617a63ba1bbde9aaac7cf"
  dependencies:
    clone "^2.1.1"
    deep-equal "^1.0.1"

mousetrap@^1.5.2, mousetrap@^1.6.1:
  version "1.6.1"
  resolved "https://registry.yarnpkg.com/mousetrap/-/mousetrap-1.6.1.tgz#2a085f5c751294c75e7e81f6ec2545b29cbf42d9"

ms@0.7.3:
  version "0.7.3"
  resolved "https://registry.yarnpkg.com/ms/-/ms-0.7.3.tgz#708155a5e44e33f5fd0fc53e81d0d40a91be1fff"

ms@2.0.0:
  version "2.0.0"
  resolved "https://registry.yarnpkg.com/ms/-/ms-2.0.0.tgz#5608aeadfc00be6c2901df5f9861788de0d597c8"

nan-x@^1.0.0:
  version "1.0.0"
  resolved "https://registry.yarnpkg.com/nan-x/-/nan-x-1.0.0.tgz#0ee78e8d1cd0592d5b4260a5940154545c61c121"

node-fetch@^1.0.1, node-fetch@^1.6.3:
  version "1.7.3"
  resolved "https://registry.yarnpkg.com/node-fetch/-/node-fetch-1.7.3.tgz#980f6f72d85211a5347c6b2bc18c5b84c3eb47ef"
  dependencies:
    encoding "^0.1.11"
    is-stream "^1.0.1"

normalize-space-x@^2.0.0:
  version "2.0.0"
  resolved "https://registry.yarnpkg.com/normalize-space-x/-/normalize-space-x-2.0.0.tgz#1f4663bde72675dc658a640fcbdb0d4fe7620c2e"
  dependencies:
    cached-constructors-x "^1.0.0"
    trim-x "^2.0.2"
    white-space-x "^2.0.3"

object-assign@^4.0.1, object-assign@^4.1.0, object-assign@^4.1.1:
  version "4.1.1"
  resolved "https://registry.yarnpkg.com/object-assign/-/object-assign-4.1.1.tgz#2109adc7965887cfc05cbbd442cac8bfbb360863"

object-get-own-property-descriptor-x@^3.2.0:
  version "3.2.0"
  resolved "https://registry.yarnpkg.com/object-get-own-property-descriptor-x/-/object-get-own-property-descriptor-x-3.2.0.tgz#464585ad03e66108ed166c99325b8d2c5ba93712"
  dependencies:
    attempt-x "^1.1.0"
    has-own-property-x "^3.1.1"
    has-symbol-support-x "^1.4.1"
    is-falsey-x "^1.0.0"
    is-index-x "^1.0.0"
    is-primitive "^2.0.0"
    is-string "^1.0.4"
    property-is-enumerable-x "^1.1.0"
    to-object-x "^1.4.1"
    to-property-key-x "^2.0.1"

object-path@0.11.4:
  version "0.11.4"
  resolved "https://registry.yarnpkg.com/object-path/-/object-path-0.11.4.tgz#370ae752fbf37de3ea70a861c23bba8915691949"

octokat@^0.9.2:
  version "0.9.2"
  resolved "https://registry.yarnpkg.com/octokat/-/octokat-0.9.2.tgz#13b677e404d3d6153bd2b18b56b4a36a3fe22c3e"
  dependencies:
    fetch-vcr "^1.1.0"
    lodash "^4.16.4"
    node-fetch "^1.6.3"

parse-int-x@^1.1.0:
  version "1.1.0"
  resolved "https://registry.yarnpkg.com/parse-int-x/-/parse-int-x-1.1.0.tgz#ae1e1a412cb2b257ce47639d0714bea80565f6d5"
  dependencies:
    cached-constructors-x "^1.0.0"
    to-string-x "^1.4.2"
    trim-x "^2.0.2"
    white-space-x "^2.0.3"

pouchdb-abstract-mapreduce@6.3.4:
  version "6.3.4"
  resolved "https://registry.yarnpkg.com/pouchdb-abstract-mapreduce/-/pouchdb-abstract-mapreduce-6.3.4.tgz#0d8a11ec300e3affcacbf6e9618d3eccd3f2e9ce"
  dependencies:
    pouchdb-binary-utils "6.3.4"
    pouchdb-collate "6.3.4"
    pouchdb-collections "6.3.4"
    pouchdb-mapreduce-utils "6.3.4"
    pouchdb-md5 "6.3.4"
    pouchdb-promise "6.3.4"
    pouchdb-utils "6.3.4"

pouchdb-adapter-idb@^6.3.4:
  version "6.3.4"
  resolved "https://registry.yarnpkg.com/pouchdb-adapter-idb/-/pouchdb-adapter-idb-6.3.4.tgz#a9e5f5fd71fdf4403f9e6f84c20c00a9da6e6923"
  dependencies:
    pouchdb-adapter-utils "6.3.4"
    pouchdb-binary-utils "6.3.4"
    pouchdb-collections "6.3.4"
    pouchdb-errors "6.3.4"
    pouchdb-json "6.3.4"
    pouchdb-merge "6.3.4"
    pouchdb-promise "6.3.4"
    pouchdb-utils "6.3.4"

pouchdb-adapter-utils@6.3.4:
  version "6.3.4"
  resolved "https://registry.yarnpkg.com/pouchdb-adapter-utils/-/pouchdb-adapter-utils-6.3.4.tgz#fc1f4a9a2356087bcded7cb630e5ef69ef692d25"
  dependencies:
    pouchdb-binary-utils "6.3.4"
    pouchdb-collections "6.3.4"
    pouchdb-errors "6.3.4"
    pouchdb-md5 "6.3.4"
    pouchdb-merge "6.3.4"
    pouchdb-utils "6.3.4"

pouchdb-binary-utils@6.3.4:
  version "6.3.4"
  resolved "https://registry.yarnpkg.com/pouchdb-binary-utils/-/pouchdb-binary-utils-6.3.4.tgz#9bfd1b4b3d8caccfd2b6046b1316b4f70afea9f6"
  dependencies:
    buffer-from "0.1.1"

pouchdb-changes-filter@6.3.4:
  version "6.3.4"
  resolved "https://registry.yarnpkg.com/pouchdb-changes-filter/-/pouchdb-changes-filter-6.3.4.tgz#00947871a18a365a7a730a92ed29471ee5b44442"
  dependencies:
    pouchdb-errors "6.3.4"
    pouchdb-selector-core "6.3.4"
    pouchdb-utils "6.3.4"

pouchdb-checkpointer@6.3.4:
  version "6.3.4"
  resolved "https://registry.yarnpkg.com/pouchdb-checkpointer/-/pouchdb-checkpointer-6.3.4.tgz#9e2368fd043fd45a79813ce4f8b45e186cb189b0"
  dependencies:
    pouchdb-collate "6.3.4"
    pouchdb-promise "6.3.4"
    pouchdb-utils "6.3.4"

pouchdb-collate@6.3.4:
  version "6.3.4"
  resolved "https://registry.yarnpkg.com/pouchdb-collate/-/pouchdb-collate-6.3.4.tgz#4f03245b3309fdd5f937caffc9efa0e8ee591b4d"

pouchdb-collections@6.3.4:
  version "6.3.4"
  resolved "https://registry.yarnpkg.com/pouchdb-collections/-/pouchdb-collections-6.3.4.tgz#24f4dd3d7aabd630b2f5f26353fe09ddd4ef7afa"

pouchdb-core@6.3.4, pouchdb-core@^6.3.4:
  version "6.3.4"
  resolved "https://registry.yarnpkg.com/pouchdb-core/-/pouchdb-core-6.3.4.tgz#843f1c63b4da3be7dffb2d0bdf1663a250ab092c"
  dependencies:
    argsarray "0.0.1"
    inherits "2.0.3"
    pouchdb-changes-filter "6.3.4"
    pouchdb-collections "6.3.4"
    pouchdb-debug "6.3.4"
    pouchdb-errors "6.3.4"
    pouchdb-merge "6.3.4"
    pouchdb-promise "6.3.4"
    pouchdb-utils "6.3.4"

pouchdb-debug@6.3.4:
  version "6.3.4"
  resolved "https://registry.yarnpkg.com/pouchdb-debug/-/pouchdb-debug-6.3.4.tgz#cea3e707307ec95911441f31f086a07a95aea806"
  dependencies:
    debug "2.6.4"

pouchdb-errors@6.3.4:
  version "6.3.4"
  resolved "https://registry.yarnpkg.com/pouchdb-errors/-/pouchdb-errors-6.3.4.tgz#abc1a84242e9276a1102e5cba1802aa08e5be45a"
  dependencies:
    inherits "2.0.3"

pouchdb-find@6.3.4:
  version "6.3.4"
  resolved "https://registry.yarnpkg.com/pouchdb-find/-/pouchdb-find-6.3.4.tgz#27163e3d9a82bab2cc6db1deb73447762e8bd705"
  dependencies:
    pouchdb-abstract-mapreduce "6.3.4"
    pouchdb-collate "6.3.4"
    pouchdb-md5 "6.3.4"
    pouchdb-promise "6.3.4"
    pouchdb-selector-core "6.3.4"
    pouchdb-utils "6.3.4"

pouchdb-generate-replication-id@6.3.4:
  version "6.3.4"
  resolved "https://registry.yarnpkg.com/pouchdb-generate-replication-id/-/pouchdb-generate-replication-id-6.3.4.tgz#d59012f196e0119ad00d53e616ac1dd0160a22a1"
  dependencies:
    pouchdb-collate "6.3.4"
    pouchdb-md5 "6.3.4"
    pouchdb-promise "6.3.4"

pouchdb-json@6.3.4:
  version "6.3.4"
  resolved "https://registry.yarnpkg.com/pouchdb-json/-/pouchdb-json-6.3.4.tgz#8fcc5f8d77776e9ffb029b10a3a50c60ceca6151"
  dependencies:
    vuvuzela "1.0.3"

pouchdb-mapreduce-utils@6.3.4, pouchdb-mapreduce-utils@^6.3.4:
  version "6.3.4"
  resolved "https://registry.yarnpkg.com/pouchdb-mapreduce-utils/-/pouchdb-mapreduce-utils-6.3.4.tgz#0d85fb7cc1faf078afc638fdf07d9db3ce8fdaa6"
  dependencies:
    argsarray "0.0.1"
    inherits "2.0.3"
    pouchdb-collections "6.3.4"
    pouchdb-utils "6.3.4"

pouchdb-md5@6.3.4:
  version "6.3.4"
  resolved "https://registry.yarnpkg.com/pouchdb-md5/-/pouchdb-md5-6.3.4.tgz#364987fa184a33a48cfc7eb175a279fca113a4e8"
  dependencies:
    pouchdb-binary-utils "6.3.4"
    spark-md5 "3.0.0"

pouchdb-merge@6.3.4:
  version "6.3.4"
  resolved "https://registry.yarnpkg.com/pouchdb-merge/-/pouchdb-merge-6.3.4.tgz#6c843304affafe2f66225586ee5d44f1079a7678"

pouchdb-promise@6.3.4:
  version "6.3.4"
  resolved "https://registry.yarnpkg.com/pouchdb-promise/-/pouchdb-promise-6.3.4.tgz#817052fa2320293dd2dbc4be2f1cc81b02be30c2"
  dependencies:
    lie "3.1.1"

pouchdb-replication@6.3.4:
  version "6.3.4"
  resolved "https://registry.yarnpkg.com/pouchdb-replication/-/pouchdb-replication-6.3.4.tgz#a1d22ace6f18e0bb459dc152ed0eed71d56534b0"
  dependencies:
    inherits "2.0.3"
    pouchdb-checkpointer "6.3.4"
    pouchdb-errors "6.3.4"
    pouchdb-generate-replication-id "6.3.4"
    pouchdb-promise "6.3.4"
    pouchdb-utils "6.3.4"

pouchdb-selector-core@6.3.4:
  version "6.3.4"
  resolved "https://registry.yarnpkg.com/pouchdb-selector-core/-/pouchdb-selector-core-6.3.4.tgz#116958b1af9d7147143da5a5e6ee74de128a9fbc"
  dependencies:
    pouchdb-collate "6.3.4"
    pouchdb-utils "6.3.4"

pouchdb-utils@6.3.4:
  version "6.3.4"
  resolved "https://registry.yarnpkg.com/pouchdb-utils/-/pouchdb-utils-6.3.4.tgz#3926541ae439c019d9738d5e5c3aa9bb110e6a25"
  dependencies:
    argsarray "0.0.1"
    clone-buffer "1.0.0"
    immediate "3.0.6"
    inherits "2.0.3"
    pouchdb-collections "6.3.4"
    pouchdb-errors "6.3.4"
    pouchdb-promise "6.3.4"
    uuid "^3.1.0"

promise@^7.1.1:
  version "7.3.1"
  resolved "https://registry.yarnpkg.com/promise/-/promise-7.3.1.tgz#064b72602b18f90f29192b8b1bc418ffd1ebd3bf"
  dependencies:
    asap "~2.0.3"

prop-types@^15.5.10, prop-types@^15.5.4, prop-types@^15.5.8, prop-types@^15.6.0:
  version "15.6.0"
  resolved "https://registry.yarnpkg.com/prop-types/-/prop-types-15.6.0.tgz#ceaf083022fc46b4a35f69e13ef75aed0d639856"
  dependencies:
    fbjs "^0.8.16"
    loose-envify "^1.3.1"
    object-assign "^4.1.1"

property-is-enumerable-x@^1.1.0:
  version "1.1.0"
  resolved "https://registry.yarnpkg.com/property-is-enumerable-x/-/property-is-enumerable-x-1.1.0.tgz#7ca48917476cd0914b37809bfd05776a0d942f6f"
  dependencies:
    to-object-x "^1.4.1"
    to-property-key-x "^2.0.1"

punycode@1.3.2:
  version "1.3.2"
  resolved "https://registry.yarnpkg.com/punycode/-/punycode-1.3.2.tgz#9653a036fb7c1ee42342f2325cceefea3926c48d"

querystring@0.2.0:
  version "0.2.0"
  resolved "https://registry.yarnpkg.com/querystring/-/querystring-0.2.0.tgz#b209849203bb25df820da756e747005878521620"

random-token@0.0.8:
  version "0.0.8"
  resolved "https://registry.yarnpkg.com/random-token/-/random-token-0.0.8.tgz#1cf845af3fb31e57f7caa4b9a173478c46483b61"

react-dom@^16.2.0:
  version "16.2.0"
  resolved "https://registry.yarnpkg.com/react-dom/-/react-dom-16.2.0.tgz#69003178601c0ca19b709b33a83369fe6124c044"
  dependencies:
    fbjs "^0.8.16"
    loose-envify "^1.1.0"
    object-assign "^4.1.1"
    prop-types "^15.6.0"

react-hotkeys@^0.10.0:
  version "0.10.0"
  resolved "https://registry.yarnpkg.com/react-hotkeys/-/react-hotkeys-0.10.0.tgz#d1e78bd63f16d6db58d550d33c8eb071f35d94fb"
  dependencies:
    create-react-class "^15.5.2"
    lodash "^4.13.1"
    mousetrap "^1.5.2"
    prop-types "^15.5.8"

react-measure@2.0.2:
  version "2.0.2"
  resolved "https://registry.yarnpkg.com/react-measure/-/react-measure-2.0.2.tgz#072a9a5fafc01dfbadc1fa5fb09fc351037f636c"
  dependencies:
    get-node-dimensions "^1.2.0"
    prop-types "^15.5.10"
    resize-observer-polyfill "^1.4.2"

react@^16.2.0:
  version "16.2.0"
  resolved "https://registry.yarnpkg.com/react/-/react-16.2.0.tgz#a31bd2dab89bff65d42134fa187f24d054c273ba"
  dependencies:
    fbjs "^0.8.16"
    loose-envify "^1.1.0"
    object-assign "^4.1.1"
    prop-types "^15.6.0"

redbox-react@^1.5.0:
  version "1.5.0"
  resolved "https://registry.yarnpkg.com/redbox-react/-/redbox-react-1.5.0.tgz#04dab11557d26651bf3562a67c22ace56c5d3967"
  dependencies:
    error-stack-parser "^1.3.6"
    object-assign "^4.0.1"
    prop-types "^15.5.4"
    sourcemapped-stacktrace "^1.1.6"

regenerator-runtime@^0.10.5:
  version "0.10.5"
  resolved "https://registry.yarnpkg.com/regenerator-runtime/-/regenerator-runtime-0.10.5.tgz#336c3efc1220adcedda2c9fab67b5a7955a33658"

regenerator-runtime@^0.11.0:
  version "0.11.0"
  resolved "https://registry.yarnpkg.com/regenerator-runtime/-/regenerator-runtime-0.11.0.tgz#7e54fe5b5ccd5d6624ea6255c3473be090b802e1"

replace-comments-x@^2.0.0:
  version "2.0.0"
  resolved "https://registry.yarnpkg.com/replace-comments-x/-/replace-comments-x-2.0.0.tgz#a5cec18efd912aad78a7c3c4b69d01768556d140"
  dependencies:
    require-coercible-to-string-x "^1.0.0"
    to-string-x "^1.4.2"

require-coercible-to-string-x@^1.0.0:
  version "1.0.0"
  resolved "https://registry.yarnpkg.com/require-coercible-to-string-x/-/require-coercible-to-string-x-1.0.0.tgz#367b3e9ca67e00324c411b0b498453a74cd5569e"
  dependencies:
    require-object-coercible-x "^1.4.1"
    to-string-x "^1.4.2"

require-object-coercible-x@^1.4.1:
  version "1.4.1"
  resolved "https://registry.yarnpkg.com/require-object-coercible-x/-/require-object-coercible-x-1.4.1.tgz#75b9fb5bda2d15cf705a5714f108e8b40ca3eb2e"
  dependencies:
    is-nil-x "^1.4.1"

resize-observer-polyfill@^1.4.2:
  version "1.4.2"
  resolved "https://registry.yarnpkg.com/resize-observer-polyfill/-/resize-observer-polyfill-1.4.2.tgz#a37198e6209e888acb1532a9968e06d38b6788e5"

rxdb@^6.0.1:
  version "6.0.1"
  resolved "https://registry.yarnpkg.com/rxdb/-/rxdb-6.0.1.tgz#7a6a7c8326ec170f04a6861a949fbfc17926a305"
  dependencies:
    "@types/core-js" "0.9.43"
    babel-runtime "^6.25.0"
    clone "^2.1.1"
    crypto-js "^3.1.8"
    deep-equal "^1.0.1"
    is-my-json-valid "2.16.1"
    modifyjs "0.3.1"
    object-path "0.11.4"
    pouchdb-core "6.3.4"
    pouchdb-find "6.3.4"
    pouchdb-replication "6.3.4"
    pouchdb-selector-core "6.3.4"
    random-token "0.0.8"
    spark-md5 "^3.0.0"
    unload "^1.3.5"
    url "^0.11.0"

rxjs@^5.5.3:
  version "5.5.3"
  resolved "https://registry.yarnpkg.com/rxjs/-/rxjs-5.5.3.tgz#b62227e74b84f4e77bdf440e50b5ee01a1bc7dcd"
  dependencies:
    symbol-observable "^1.0.1"

safe-to-string-x@^2.0.1:
  version "2.0.3"
  resolved "https://registry.yarnpkg.com/safe-to-string-x/-/safe-to-string-x-2.0.3.tgz#c4c5242c854a6727e3f09df7a62b5b2522545b86"
  dependencies:
    to-string-symbols-supported-x "^1.0.0"

sb-event-kit@^3.0.0:
  version "3.0.0"
  resolved "https://registry.yarnpkg.com/sb-event-kit/-/sb-event-kit-3.0.0.tgz#0deab6e8a2d9ddad73375e7b83da80bfc9105d24"

setimmediate@^1.0.5:
  version "1.0.5"
  resolved "https://registry.yarnpkg.com/setimmediate/-/setimmediate-1.0.5.tgz#290cbb232e306942d7d7ea9b83732ab7856f8285"

sherlockjs@*:
  version "1.3.7"
  resolved "https://registry.yarnpkg.com/sherlockjs/-/sherlockjs-1.3.7.tgz#40bffa8fe3122ad958b032b9e852629ad00aff31"

simple-swizzle@^0.2.2:
  version "0.2.2"
  resolved "https://registry.yarnpkg.com/simple-swizzle/-/simple-swizzle-0.2.2.tgz#a4da6b635ffcccca33f70d17cb92592de95e557a"
  dependencies:
    is-arrayish "^0.3.1"

slack@^9.0.9:
  version "9.0.9"
  resolved "https://registry.yarnpkg.com/slack/-/slack-9.0.9.tgz#b607be3c82a86367bd28cf1485424c421f104795"
  dependencies:
    tiny-json-http "^5.2.0"

source-map@0.5.6:
  version "0.5.6"
  resolved "https://registry.yarnpkg.com/source-map/-/source-map-0.5.6.tgz#75ce38f52bf0733c5a7f0c118d81334a2bb5f412"

sourcemapped-stacktrace@^1.1.6:
  version "1.1.7"
  resolved "https://registry.yarnpkg.com/sourcemapped-stacktrace/-/sourcemapped-stacktrace-1.1.7.tgz#17e05374ff78b71a9d89ad3975a49f22725ba935"
  dependencies:
    source-map "0.5.6"

spark-md5@3.0.0, spark-md5@^3.0.0:
  version "3.0.0"
  resolved "https://registry.yarnpkg.com/spark-md5/-/spark-md5-3.0.0.tgz#3722227c54e2faf24b1dc6d933cc144e6f71bfef"

stackframe@^0.3.1:
  version "0.3.1"
  resolved "https://registry.yarnpkg.com/stackframe/-/stackframe-0.3.1.tgz#33aa84f1177a5548c8935533cbfeb3420975f5a4"

symbol-observable@^1.0.1:
  version "1.0.4"
  resolved "https://registry.yarnpkg.com/symbol-observable/-/symbol-observable-1.0.4.tgz#29bf615d4aa7121bdd898b22d4b3f9bc4e2aa03d"

time-ago@^0.1.0:
  version "0.1.0"
  resolved "https://registry.yarnpkg.com/time-ago/-/time-ago-0.1.0.tgz#5b4921a11843081c95ea50930084f90007f4a026"

tiny-json-http@^5.2.0:
  version "5.3.1"
  resolved "https://registry.yarnpkg.com/tiny-json-http/-/tiny-json-http-5.3.1.tgz#8321e63bff8b9b291b1074a86097e766a0b0f6ba"

to-boolean-x@^1.0.1:
  version "1.0.1"
  resolved "https://registry.yarnpkg.com/to-boolean-x/-/to-boolean-x-1.0.1.tgz#724128dacc5bea75a93ad471be7ee9277561b2c1"

to-integer-x@^2.0.1:
  version "2.1.0"
  resolved "https://registry.yarnpkg.com/to-integer-x/-/to-integer-x-2.1.0.tgz#59ea231e23e0e934e2a8944d4555e8616e87d8c5"
  dependencies:
    is-finite-x "^3.0.1"
    is-nan-x "^1.0.1"
    math-sign-x "^2.1.0"
    to-number-x "^1.1.0"

to-number-x@^1.0.1, to-number-x@^1.1.0:
  version "1.2.0"
  resolved "https://registry.yarnpkg.com/to-number-x/-/to-number-x-1.2.0.tgz#c96cae954d0e92f01455b444dd7989e0211ec679"
  dependencies:
    cached-constructors-x "^1.0.0"
    nan-x "^1.0.0"
    parse-int-x "^1.1.0"
    to-primitive-x "^1.1.0"
    trim-x "^2.0.2"

to-object-x@^1.4.1:
  version "1.5.0"
  resolved "https://registry.yarnpkg.com/to-object-x/-/to-object-x-1.5.0.tgz#bd69dd4e104d77acc0cc0d84f5ac48f630aebe3c"
  dependencies:
    cached-constructors-x "^1.0.0"
    require-object-coercible-x "^1.4.1"

to-primitive-x@^1.1.0:
  version "1.1.0"
  resolved "https://registry.yarnpkg.com/to-primitive-x/-/to-primitive-x-1.1.0.tgz#41ce2c13e3e246e0e5d0a8829a0567c6015833f8"
  dependencies:
    has-symbol-support-x "^1.4.1"
    is-date-object "^1.0.1"
    is-function-x "^3.2.0"
    is-nil-x "^1.4.1"
    is-primitive "^2.0.0"
    is-symbol "^1.0.1"
    require-object-coercible-x "^1.4.1"
    validate.io-undefined "^1.0.3"

to-property-key-x@^2.0.1:
  version "2.0.2"
  resolved "https://registry.yarnpkg.com/to-property-key-x/-/to-property-key-x-2.0.2.tgz#b19aa8e22faa0ff7d1c102cfbc657af73413cfa1"
  dependencies:
    has-symbol-support-x "^1.4.1"
    to-primitive-x "^1.1.0"
    to-string-x "^1.4.2"

to-string-symbols-supported-x@^1.0.0:
  version "1.0.0"
  resolved "https://registry.yarnpkg.com/to-string-symbols-supported-x/-/to-string-symbols-supported-x-1.0.0.tgz#d435eb72312fe885b18047a96d59c75641476872"
  dependencies:
    cached-constructors-x "^1.0.0"
    has-symbol-support-x "^1.4.1"
    is-symbol "^1.0.1"

to-string-tag-x@^1.4.1, to-string-tag-x@^1.4.2:
  version "1.4.2"
  resolved "https://registry.yarnpkg.com/to-string-tag-x/-/to-string-tag-x-1.4.2.tgz#916a0c72d2f93dc27fccfe0ea0ce26cd78be21de"
  dependencies:
    lodash.isnull "^3.0.0"
    validate.io-undefined "^1.0.3"

to-string-x@^1.4.2:
  version "1.4.2"
  resolved "https://registry.yarnpkg.com/to-string-x/-/to-string-x-1.4.2.tgz#7d9a2528e159a9214e668137c1e10a045abe6279"
  dependencies:
    is-symbol "^1.0.1"

triangulr@^1.0.0:
  version "1.0.0"
  resolved "https://registry.yarnpkg.com/triangulr/-/triangulr-1.0.0.tgz#8413de73717cb643c3a1f2c92324feec140f8127"

trim-left-x@^2.0.1:
  version "2.0.1"
  resolved "https://registry.yarnpkg.com/trim-left-x/-/trim-left-x-2.0.1.tgz#92b071ff6ae9aa8026c21aefca2a9f0a7f8d48c6"
  dependencies:
    cached-constructors-x "^1.0.0"
    require-coercible-to-string-x "^1.0.0"
    white-space-x "^2.0.3"

trim-right-x@^2.0.1:
  version "2.0.1"
  resolved "https://registry.yarnpkg.com/trim-right-x/-/trim-right-x-2.0.1.tgz#17539a4725b5e6aedad43d72ebb5110925e7b5e0"
  dependencies:
    cached-constructors-x "^1.0.0"
    require-coercible-to-string-x "^1.0.0"
    white-space-x "^2.0.3"

trim-x@^2.0.2:
  version "2.0.2"
  resolved "https://registry.yarnpkg.com/trim-x/-/trim-x-2.0.2.tgz#d48cb65904c3aa94fc2ddf64e307693e4186eaf3"
  dependencies:
    trim-left-x "^2.0.1"
    trim-right-x "^2.0.1"

ua-parser-js@^0.7.9:
  version "0.7.17"
  resolved "https://registry.yarnpkg.com/ua-parser-js/-/ua-parser-js-0.7.17.tgz#e9ec5f9498b9ec910e7ae3ac626a805c4d09ecac"

unload@^1.3.5:
  version "1.3.5"
  resolved "https://registry.yarnpkg.com/unload/-/unload-1.3.5.tgz#028b8a61dd5ef9b576a983c06e02776676523c4d"

url@^0.11.0:
  version "0.11.0"
  resolved "https://registry.yarnpkg.com/url/-/url-0.11.0.tgz#3838e97cfc60521eb73c525a8e55bfdd9e2e28f1"
  dependencies:
    punycode "1.3.2"
    querystring "0.2.0"

uuid@^3.1.0:
  version "3.1.0"
  resolved "https://registry.yarnpkg.com/uuid/-/uuid-3.1.0.tgz#3dd3d3e790abc24d7b0d3a034ffababe28ebbc04"

validate.io-undefined@^1.0.3:
  version "1.0.3"
  resolved "https://registry.yarnpkg.com/validate.io-undefined/-/validate.io-undefined-1.0.3.tgz#7e27fcbb315b841e78243431897671929e20b7f4"

vuvuzela@1.0.3:
  version "1.0.3"
  resolved "https://registry.yarnpkg.com/vuvuzela/-/vuvuzela-1.0.3.tgz#3be145e58271c73ca55279dd851f12a682114b0b"

whatwg-fetch@>=0.10.0, whatwg-fetch@^2.0.3:
  version "2.0.3"
  resolved "https://registry.yarnpkg.com/whatwg-fetch/-/whatwg-fetch-2.0.3.tgz#9c84ec2dcf68187ff00bc64e1274b442176e1c84"

white-space-x@^2.0.3:
  version "2.0.3"
  resolved "https://registry.yarnpkg.com/white-space-x/-/white-space-x-2.0.3.tgz#d8af2a54e2e16f78abe5ff1811d5e9d4190c60d6"

wink-bm25-text-search@2.0.1:
  version "2.0.1"
  resolved "https://registry.yarnpkg.com/wink-bm25-text-search/-/wink-bm25-text-search-2.0.1.tgz#5a71383293f782b99b8a974f1bb9d12bad4cd67e"
  dependencies:
    wink-helpers "^1.2.0"

wink-helpers@^1.2.0:
  version "1.2.0"
  resolved "https://registry.yarnpkg.com/wink-helpers/-/wink-helpers-1.2.0.tgz#00cd74dfba544b77305178e3b17f2bc8bb15c60f"

wink-nlp-utils@^1.7.0:
  version "1.7.0"
  resolved "https://registry.yarnpkg.com/wink-nlp-utils/-/wink-nlp-utils-1.7.0.tgz#2fadd8f118e08ab19fe9a6888182f494a8b9ff9f"
  dependencies:
    wink-helpers "^1.2.0"
    wink-porter2-stemmer "^1.0.7"

wink-porter2-stemmer@^1.0.7:
  version "1.0.7"
  resolved "https://registry.yarnpkg.com/wink-porter2-stemmer/-/wink-porter2-stemmer-1.0.7.tgz#f0a651ff063b1fee8f3ed5ddc24ece81e00ebc45"

xtend@^4.0.0:
  version "4.0.1"
  resolved "https://registry.yarnpkg.com/xtend/-/xtend-4.0.1.tgz#a5c6d532be656e23db820efb943a1f04998d63af"
