# THIS IS AN AUTOGENERATED FILE. DO NOT EDIT THIS FILE DIRECTLY.
# yarn lockfile v1


dom-walk@^0.1.0:
  version "0.1.1"
  resolved "http://localhost:4873/dom-walk/-/dom-walk-0.1.1.tgz#672226dc74c8f799ad35307df936aba11acd6018"

encoding@^0.1.11:
  version "0.1.12"
  resolved "http://localhost:4873/encoding/-/encoding-0.1.12.tgz#538b66f3ee62cd1ab51ec323829d1f9480c74beb"
  dependencies:
    iconv-lite "~0.4.13"

fetch-vcr@^1.1.0:
  version "1.1.2"
  resolved "http://localhost:4873/fetch-vcr/-/fetch-vcr-1.1.2.tgz#8cfee49c45b464366b97fe550487dde15b948d21"
  dependencies:
    node-fetch "^1.6.3"
    whatwg-fetch "^2.0.3"

global@^4.3.2:
  version "4.3.2"
  resolved "http://localhost:4873/global/-/global-4.3.2.tgz#e76989268a6c74c38908b1305b10fc0e394e9d0f"
  dependencies:
    min-document "^2.19.0"
    process "~0.5.1"

iconv-lite@~0.4.13:
  version "0.4.23"
  resolved "http://localhost:4873/iconv-lite/-/iconv-lite-0.4.23.tgz#297871f63be507adcfbfca715d0cd0eed84e9a63"
  dependencies:
    safer-buffer ">= 2.1.2 < 3"

is-stream@^1.0.1:
  version "1.1.0"
  resolved "http://localhost:4873/is-stream/-/is-stream-1.1.0.tgz#12d4a3dd4e68e0b79ceb8dbc84173ae80d91ca44"

lodash@4.17.10, lodash@^4.16.4:
  version "4.17.10"
  resolved "http://localhost:4873/lodash/-/lodash-4.17.10.tgz#1b7793cf7259ea38fb3661d4d38b3260af8ae4e7"

min-document@^2.19.0:
  version "2.19.0"
  resolved "http://localhost:4873/min-document/-/min-document-2.19.0.tgz#7bd282e3f5842ed295bb748cdd9f1ffa2c824685"
  dependencies:
    dom-walk "^0.1.0"

node-fetch@^1.6.3:
  version "1.7.3"
  resolved "http://localhost:4873/node-fetch/-/node-fetch-1.7.3.tgz#980f6f72d85211a5347c6b2bc18c5b84c3eb47ef"
  dependencies:
    encoding "^0.1.11"
    is-stream "^1.0.1"

node-fetch@^2.0.0:
  version "2.1.2"
  resolved "http://localhost:4873/node-fetch/-/node-fetch-2.1.2.tgz#ab884e8e7e57e38a944753cec706f788d1768bb5"

octokat@0.10.0:
  version "0.10.0"
  resolved "http://localhost:4873/octokat/-/octokat-0.10.0.tgz#a56846178199f36ddfc8979c9749ffea65736508"
  dependencies:
    fetch-vcr "^1.1.0"
    lodash "^4.16.4"
    node-fetch "^2.0.0"

process@~0.5.1:
  version "0.5.2"
  resolved "http://localhost:4873/process/-/process-0.5.2.tgz#1638d8a8e34c2f440a91db95ab9aeb677fc185cf"

"safer-buffer@>= 2.1.2 < 3":
  version "2.1.2"
  resolved "http://localhost:4873/safer-buffer/-/safer-buffer-2.1.2.tgz#44fa161b0187b9549dd84bb91802f9bd8385cd6a"

slack@^11.0.0:
  version "11.0.0"
  resolved "http://localhost:4873/slack/-/slack-11.0.0.tgz#3fb4c5b826d8d7e98a5d81ac65958b1e3de53f26"
  dependencies:
    tiny-json-http "^7.0.0"

tiny-json-http@^7.0.0:
  version "7.0.0"
  resolved "http://localhost:4873/tiny-json-http/-/tiny-json-http-7.0.0.tgz#1b1240efa591cd0faa5845f844694e79563ac2a2"

whatwg-fetch@^2.0.3:
  version "2.0.4"
  resolved "http://localhost:4873/whatwg-fetch/-/whatwg-fetch-2.0.4.tgz#dde6a5df315f9d39991aa17621853d720b85566f"
