{
	"requires": true,
	"lockfileVersion": 1,
	"dependencies": {
		"@babel/runtime": {
			"version": "7.0.0-beta.46",
			"resolved": "https://registry.npmjs.org/@babel/runtime/-/runtime-7.0.0-beta.46.tgz",
			"integrity": "sha512-/3a3USMKk54BEHhDgY8rtxtaQOs4bp4aQwo6SDtdwmrXmgSgEusWuXNX5oIs/nwzmTD9o8wz2EyAjA+uHDMmJA==",
			"requires": {
				"core-js": "2.5.3",
				"regenerator-runtime": "0.11.1"
			},
			"dependencies": {
				"regenerator-runtime": {
					"version": "0.11.1",
					"resolved": "https://registry.npmjs.org/regenerator-runtime/-/regenerator-runtime-0.11.1.tgz",
					"integrity": "sha512-MguG95oij0fC3QV3URf4V2SDYGJhJnJGqvIIgdECeODCT98wSWDAJ94SSuVpYQUoTcGUIL6L4yNB7j1DFFHSBg=="
				}
			}
		},
		"@researchgate/react-intersection-observer": {
			"version": "0.6.1",
			"resolved": "https://registry.npmjs.org/@researchgate/react-intersection-observer/-/react-intersection-observer-0.6.1.tgz",
			"integrity": "sha512-jXH94d1oeTk2FgGBibj93XBtPD5efGOJl6uBmmdKmLhTO4uBYuyL68ti9Lc9ul9gZyA9XJuCJSTCpy3nbpNswg==",
			"requires": {
				"invariant": "2.2.4",
				"prop-types": "15.6.1"
			}
		},
		"add": {
			"version": "2.0.6",
			"resolved": "https://registry.npmjs.org/add/-/add-2.0.6.tgz",
			"integrity": "sha1-JI8Kn25aUo7yKV2+7DBTITCuIjU="
		},
		"animated": {
			"version": "0.2.2",
			"resolved": "https://registry.npmjs.org/animated/-/animated-0.2.2.tgz",
			"integrity": "sha512-7pMzS0Sk2lA6/JT6he+apuy3GnDWUWVCurHMrpsbT9ugeLe80kpDQWjZQvkFiU9o7LsPGydPnoZpJsmt1HPPMA==",
			"requires": {
				"invariant": "2.2.4",
				"normalize-css-color": "1.0.2"
			}
		},
		"argparse": {
			"version": "1.0.10",
			"resolved": "https://registry.npmjs.org/argparse/-/argparse-1.0.10.tgz",
			"integrity": "sha512-o5Roy6tNG4SL/FOkCAN6RzjiakZS25RLYFrcMttJqbdd8BWrnA+fGz57iN5Pb06pvBGvl5gQ0B48dJlslXvoTg==",
			"requires": {
				"sprintf-js": "1.0.3"
			}
		},
		"asap": {
			"version": "2.0.6",
			"resolved": "https://registry.npmjs.org/asap/-/asap-2.0.6.tgz",
			"integrity": "sha1-5QNHYR1+aQlDIIu9r+vLwvuGbUY="
		},
		"babel-polyfill": {
			"version": "6.26.0",
			"resolved": "https://registry.npmjs.org/babel-polyfill/-/babel-polyfill-6.26.0.tgz",
			"integrity": "sha1-N5k3q8Z9eJWXCtxiHyhM2WbPIVM=",
			"requires": {
				"babel-runtime": "6.26.0",
				"core-js": "2.5.3",
				"regenerator-runtime": "0.10.5"
			},
			"dependencies": {
				"regenerator-runtime": {
					"version": "0.10.5",
					"resolved": "https://registry.npmjs.org/regenerator-runtime/-/regenerator-runtime-0.10.5.tgz",
					"integrity": "sha1-M2w+/BIgrc7dosn6tntaeVWjNlg="
				}
			}
		},
		"babel-runtime": {
			"version": "6.26.0",
			"resolved": "https://registry.npmjs.org/babel-runtime/-/babel-runtime-6.26.0.tgz",
			"integrity": "sha1-llxwWGaOgrVde/4E/yM3vItWR/4=",
			"requires": {
				"core-js": "2.5.3",
				"regenerator-runtime": "0.11.1"
			},
			"dependencies": {
				"regenerator-runtime": {
					"version": "0.11.1",
					"resolved": "https://registry.npmjs.org/regenerator-runtime/-/regenerator-runtime-0.11.1.tgz",
					"integrity": "sha512-MguG95oij0fC3QV3URf4V2SDYGJhJnJGqvIIgdECeODCT98wSWDAJ94SSuVpYQUoTcGUIL6L4yNB7j1DFFHSBg=="
				}
			}
		},
		"boolbase": {
			"version": "1.0.0",
			"resolved": "https://registry.npmjs.org/boolbase/-/boolbase-1.0.0.tgz",
			"integrity": "sha1-aN/1++YMUes3cl6p4+0xDcwed24="
		},
		"classnames": {
			"version": "2.2.5",
			"resolved": "https://registry.npmjs.org/classnames/-/classnames-2.2.5.tgz",
			"integrity": "sha1-+zgB1FNGdknvNgPH1hoCvRKb3m0="
		},
		"coa": {
			"version": "2.0.1",
			"resolved": "https://registry.npmjs.org/coa/-/coa-2.0.1.tgz",
			"integrity": "sha512-5wfTTO8E2/ja4jFSxePXlG5nRu5bBtL/r1HCIpJW/lzT6yDtKl0u0Z4o/Vpz32IpKmBn7HerheEZQgA9N2DarQ==",
			"requires": {
				"q": "1.5.1"
			}
		},
		"colors": {
			"version": "1.1.2",
			"resolved": "https://registry.npmjs.org/colors/-/colors-1.1.2.tgz",
			"integrity": "sha1-FopHAXVran9RoSzgyXv6KMCE7WM="
		},
		"core-js": {
			"version": "2.5.3",
			"resolved": "https://registry.npmjs.org/core-js/-/core-js-2.5.3.tgz",
			"integrity": "sha1-isw4NFgk8W2DZbfJtCWRaOjtYD4="
		},
		"countup.js": {
			"version": "1.9.3",
			"resolved": "https://registry.npmjs.org/countup.js/-/countup.js-1.9.3.tgz",
			"integrity": "sha1-zj5QzXFgRB5HjwfaMYle3MDxyd0="
		},
		"css-select": {
			"version": "1.3.0-rc0",
			"resolved": "https://registry.npmjs.org/css-select/-/css-select-1.3.0-rc0.tgz",
			"integrity": "sha1-b5MZaqrnN2ZuoQNqjLFKj8t6kjE=",
			"requires": {
				"boolbase": "1.0.0",
				"css-what": "2.1.0",
				"domutils": "1.5.1",
				"nth-check": "1.0.1"
			}
		},
		"css-select-base-adapter": {
			"version": "0.1.0",
			"resolved": "https://registry.npmjs.org/css-select-base-adapter/-/css-select-base-adapter-0.1.0.tgz",
			"integrity": "sha1-AQKz0UYw34bD65+p9UVicBBs+ZA="
		},
		"css-tree": {
			"version": "1.0.0-alpha25",
			"resolved": "https://registry.npmjs.org/css-tree/-/css-tree-1.0.0-alpha25.tgz",
			"integrity": "sha512-XC6xLW/JqIGirnZuUWHXCHRaAjje2b3OIB0Vj5RIJo6mIi/AdJo30quQl5LxUl0gkXDIrTrFGbMlcZjyFplz1A==",
			"requires": {
				"mdn-data": "1.1.2",
				"source-map": "0.5.6"
			}
		},
		"css-url-regex": {
			"version": "1.1.0",
			"resolved": "https://registry.npmjs.org/css-url-regex/-/css-url-regex-1.1.0.tgz",
			"integrity": "sha1-g4NCMMyfdMRX3lnuvRVD/uuDt+w="
		},
		"css-what": {
			"version": "2.1.0",
			"resolved": "https://registry.npmjs.org/css-what/-/css-what-2.1.0.tgz",
			"integrity": "sha1-lGfQMsOM+u+58teVASUwYvh/ob0="
		},
		"csso": {
			"version": "3.5.0",
			"resolved": "https://registry.npmjs.org/csso/-/csso-3.5.0.tgz",
			"integrity": "sha512-WtJjFP3ZsSdWhiZr4/k1B9uHPgYjFYnDxfbaJxk1hz5PDLIJ5BCRWkJqaztZ0DbP8d2ZIVwUPIJb2YmCwkPaMw==",
			"requires": {
				"css-tree": "1.0.0-alpha.27"
			},
			"dependencies": {
				"css-tree": {
					"version": "1.0.0-alpha.27",
					"resolved": "https://registry.npmjs.org/css-tree/-/css-tree-1.0.0-alpha.27.tgz",
					"integrity": "sha512-BAYp9FyN4jLXjfvRpTDchBllDptqlK9I7OsagXCG9Am5C+5jc8eRZHgqb9x500W2OKS14MMlpQc/nmh/aA7TEQ==",
					"requires": {
						"mdn-data": "1.1.2",
						"source-map": "0.5.6"
					}
				}
			}
		},
		"define-properties": {
			"version": "1.1.2",
			"resolved": "https://registry.npmjs.org/define-properties/-/define-properties-1.1.2.tgz",
			"integrity": "sha1-g6c/L+pWmJj7c3GTyPhzyvbUXJQ=",
			"requires": {
				"foreach": "2.0.5",
				"object-keys": "1.0.11"
			}
		},
		"dom-serializer": {
			"version": "0.1.0",
			"resolved": "https://registry.npmjs.org/dom-serializer/-/dom-serializer-0.1.0.tgz",
			"integrity": "sha1-BzxpdUbOB4DOI75KKOKT5AvDDII=",
			"requires": {
				"domelementtype": "1.1.3",
				"entities": "1.1.1"
			},
			"dependencies": {
				"domelementtype": {
					"version": "1.1.3",
					"resolved": "https://registry.npmjs.org/domelementtype/-/domelementtype-1.1.3.tgz",
					"integrity": "sha1-vSh3PiZCiBrsUVRJJCmcXNgiGFs="
				}
			}
		},
		"domelementtype": {
			"version": "1.3.0",
			"resolved": "https://registry.npmjs.org/domelementtype/-/domelementtype-1.3.0.tgz",
			"integrity": "sha1-sXrtguirWeUt2cGbF1bg/BhyBMI="
		},
		"domutils": {
			"version": "1.5.1",
			"resolved": "https://registry.npmjs.org/domutils/-/domutils-1.5.1.tgz",
			"integrity": "sha1-3NhIiib1Y9YQeeSMn3t+Mjc2gs8=",
			"requires": {
				"dom-serializer": "0.1.0",
				"domelementtype": "1.3.0"
			}
		},
		"encoding": {
			"version": "0.1.12",
			"resolved": "https://registry.npmjs.org/encoding/-/encoding-0.1.12.tgz",
			"integrity": "sha1-U4tm8+5izRq1HsMjgp0flIDHS+s=",
			"requires": {
				"iconv-lite": "0.4.19"
			}
		},
		"entities": {
			"version": "1.1.1",
			"resolved": "https://registry.npmjs.org/entities/-/entities-1.1.1.tgz",
			"integrity": "sha1-blwtClYhtdra7O+AuQ7ftc13cvA="
		},
		"es-abstract": {
			"version": "1.11.0",
			"resolved": "https://registry.npmjs.org/es-abstract/-/es-abstract-1.11.0.tgz",
			"integrity": "sha512-ZnQrE/lXTTQ39ulXZ+J1DTFazV9qBy61x2bY071B+qGco8Z8q1QddsLdt/EF8Ai9hcWH72dWS0kFqXLxOxqslA==",
			"requires": {
				"es-to-primitive": "1.1.1",
				"function-bind": "1.1.1",
				"has": "1.0.1",
				"is-callable": "1.1.3",
				"is-regex": "1.0.4"
			}
		},
		"es-to-primitive": {
			"version": "1.1.1",
			"resolved": "https://registry.npmjs.org/es-to-primitive/-/es-to-primitive-1.1.1.tgz",
			"integrity": "sha1-RTVSSKiJeQNLZ5Lhm7gfK3l13Q0=",
			"requires": {
				"is-callable": "1.1.3",
				"is-date-object": "1.0.1",
				"is-symbol": "1.0.1"
			}
		},
		"esprima": {
			"version": "4.0.0",
			"resolved": "https://registry.npmjs.org/esprima/-/esprima-4.0.0.tgz",
			"integrity": "sha512-oftTcaMu/EGrEIu904mWteKIv8vMuOgGYo7EhVJJN00R/EED9DCua/xxHRdYnKtcECzVg7xOWhflvJMnqcFZjw=="
		},
		"fbjs": {
			"version": "0.8.16",
			"resolved": "https://registry.npmjs.org/fbjs/-/fbjs-0.8.16.tgz",
			"integrity": "sha1-XmdDL1UNxBtXK/VYR7ispk5TN9s=",
			"requires": {
				"core-js": "1.2.7",
				"isomorphic-fetch": "2.2.1",
				"loose-envify": "1.3.1",
				"object-assign": "4.1.1",
				"promise": "7.3.1",
				"setimmediate": "1.0.5",
				"ua-parser-js": "0.7.17"
			},
			"dependencies": {
				"core-js": {
					"version": "1.2.7",
					"resolved": "https://registry.npmjs.org/core-js/-/core-js-1.2.7.tgz",
					"integrity": "sha1-ZSKUwUZR2yj6k70tX/KYOk8IxjY="
				}
			}
		},
		"foreach": {
			"version": "2.0.5",
			"resolved": "https://registry.npmjs.org/foreach/-/foreach-2.0.5.tgz",
			"integrity": "sha1-C+4AUBiusmDQo6865ljdATbsG5k="
		},
		"function-bind": {
			"version": "1.1.1",
			"resolved": "https://registry.npmjs.org/function-bind/-/function-bind-1.1.1.tgz",
			"integrity": "sha512-yIovAzMX49sF8Yl58fSCWJ5svSLuaibPxXQJFLmBObTuCr0Mf1KiPopGM9NiFjiYBCbfaa2Fh6breQ6ANVTI0A=="
		},
		"has": {
			"version": "1.0.1",
			"resolved": "https://registry.npmjs.org/has/-/has-1.0.1.tgz",
			"integrity": "sha1-hGFzP1OLCDfJNh45qauelwTcLyg=",
			"requires": {
				"function-bind": "1.1.1"
			}
		},
		"iconv-lite": {
			"version": "0.4.19",
			"resolved": "https://registry.npmjs.org/iconv-lite/-/iconv-lite-0.4.19.tgz",
			"integrity": "sha512-oTZqweIP51xaGPI4uPa56/Pri/480R+mo7SeU+YETByQNhDG55ycFyNLIgta9vXhILrxXDmF7ZGhqZIcuN0gJQ=="
		},
		"intersection-observer": {
			"version": "0.5.0",
			"resolved": "https://registry.npmjs.org/intersection-observer/-/intersection-observer-0.5.0.tgz",
			"integrity": "sha512-8Zgt4ijlyvIrQVTA7MPb2W9+KhoetrAbxlh0RmTGxpx0+ZsAXvy7IsbNnZIrqZ6TddAdWeQj49x7Ph7Ir6KRkA=="
		},
		"invariant": {
			"version": "2.2.4",
			"resolved": "https://registry.npmjs.org/invariant/-/invariant-2.2.4.tgz",
			"integrity": "sha512-phJfQVBuaJM5raOpJjSfkiD6BpbCE4Ns//LaXl6wGYtUBY83nWS6Rf9tXm2e8VaK60JEjYldbPif/A2B1C2gNA==",
			"requires": {
				"loose-envify": "1.3.1"
			}
		},
		"is-callable": {
			"version": "1.1.3",
			"resolved": "https://registry.npmjs.org/is-callable/-/is-callable-1.1.3.tgz",
			"integrity": "sha1-hut1OSgF3cM69xySoO7fdO52BLI="
		},
		"is-date-object": {
			"version": "1.0.1",
			"resolved": "https://registry.npmjs.org/is-date-object/-/is-date-object-1.0.1.tgz",
			"integrity": "sha1-mqIOtq7rv/d/vTPnTKAbM1gdOhY="
		},
		"is-regex": {
			"version": "1.0.4",
			"resolved": "https://registry.npmjs.org/is-regex/-/is-regex-1.0.4.tgz",
			"integrity": "sha1-VRdIm1RwkbCTDglWVM7SXul+lJE=",
			"requires": {
				"has": "1.0.1"
			}
		},
		"is-stream": {
			"version": "1.1.0",
			"resolved": "https://registry.npmjs.org/is-stream/-/is-stream-1.1.0.tgz",
			"integrity": "sha1-EtSj3U5o4Lec6428hBc66A2RykQ="
		},
		"is-symbol": {
			"version": "1.0.1",
			"resolved": "https://registry.npmjs.org/is-symbol/-/is-symbol-1.0.1.tgz",
			"integrity": "sha1-PMWfAAJRlLarLjjbrmaJJWtmBXI="
		},
		"isomorphic-fetch": {
			"version": "2.2.1",
			"resolved": "https://registry.npmjs.org/isomorphic-fetch/-/isomorphic-fetch-2.2.1.tgz",
			"integrity": "sha1-YRrhrPFPXoH3KVB0coGf6XM1WKk=",
			"requires": {
				"node-fetch": "1.7.3",
				"whatwg-fetch": "2.0.3"
			}
		},
		"js-tokens": {
			"version": "3.0.2",
			"resolved": "https://registry.npmjs.org/js-tokens/-/js-tokens-3.0.2.tgz",
			"integrity": "sha1-mGbfOVECEw449/mWvOtlRDIJwls="
		},
		"js-yaml": {
			"version": "3.10.0",
			"resolved": "https://registry.npmjs.org/js-yaml/-/js-yaml-3.10.0.tgz",
			"integrity": "sha512-O2v52ffjLa9VeM43J4XocZE//WT9N0IiwDa3KSHH7Tu8CtH+1qM8SIZvnsTh6v+4yFy5KUY3BHUVwjpfAWsjIA==",
			"requires": {
				"argparse": "1.0.10",
				"esprima": "4.0.0"
			}
		},
		"lodash": {
			"version": "4.17.5",
			"resolved": "https://registry.npmjs.org/lodash/-/lodash-4.17.5.tgz",
			"integrity": "sha512-svL3uiZf1RwhH+cWrfZn3A4+U58wbP0tGVTLQPbjplZxZ8ROD9VLuNgsRniTlLe7OlSqR79RUehXgpBW/s0IQw=="
		},
		"loose-envify": {
			"version": "1.3.1",
			"resolved": "https://registry.npmjs.org/loose-envify/-/loose-envify-1.3.1.tgz",
			"integrity": "sha1-0aitM/qc4OcT1l/dCsi3SNR4yEg=",
			"requires": {
				"js-tokens": "3.0.2"
			}
		},
		"mdn-data": {
			"version": "1.1.2",
			"resolved": "https://registry.npmjs.org/mdn-data/-/mdn-data-1.1.2.tgz",
			"integrity": "sha512-HUqqf4U+XdKomJXe2Chw+b1zPXFRUZ3bfUbrGLQ2TGwMOBRULuTHI9geusGqRL4WzsusnLLxYAxV4f/F/8wV+g=="
		},
		"minimist": {
			"version": "0.0.8",
			"resolved": "https://registry.npmjs.org/minimist/-/minimist-0.0.8.tgz",
			"integrity": "sha1-hX/Kv8M5fSYluCKCYuhqp6ARsF0="
		},
		"mkdirp": {
			"version": "0.5.1",
			"resolved": "https://registry.npmjs.org/mkdirp/-/mkdirp-0.5.1.tgz",
			"integrity": "sha1-MAV0OOrGz3+MR2fzhkjWaX11yQM=",
			"requires": {
				"minimist": "0.0.8"
			}
		},
		"mobx": {
			"version": "3.6.2",
			"resolved": "https://registry.npmjs.org/mobx/-/mobx-3.6.2.tgz",
			"integrity": "sha512-Dq3boJFLpZEvuh5a/MbHLUIyN9XobKWIb0dBfkNOJffNkE3vtuY0C9kSDVpfH8BB0BPkVw8g22qCv7d05LEhKg=="
		},
		"mobx-formatters": {
			"version": "1.0.2",
			"resolved": "https://registry.npmjs.org/mobx-formatters/-/mobx-formatters-1.0.2.tgz",
			"integrity": "sha1-fqw5V62rHurKHEqcJdoFi1dl7io="
		},
		"node-fetch": {
			"version": "1.7.3",
			"resolved": "https://registry.npmjs.org/node-fetch/-/node-fetch-1.7.3.tgz",
			"integrity": "sha512-NhZ4CsKx7cYm2vSrBAr2PvFOe6sWDf0UYLRqA6svUYg7+/TSfVAu49jYC4BvQ4Sms9SZgdqGBgroqfDhJdTyKQ==",
			"requires": {
				"encoding": "0.1.12",
				"is-stream": "1.1.0"
			}
		},
		"normalize-css-color": {
			"version": "1.0.2",
			"resolved": "https://registry.npmjs.org/normalize-css-color/-/normalize-css-color-1.0.2.tgz",
			"integrity": "sha1-Apkel8zOxmI/5XOvu/Deah8+n40="
		},
		"nth-check": {
			"version": "1.0.1",
			"resolved": "https://registry.npmjs.org/nth-check/-/nth-check-1.0.1.tgz",
			"integrity": "sha1-mSms32KPwsQQmN6rgqxYDPFJquQ=",
			"requires": {
				"boolbase": "1.0.0"
			}
		},
		"object-assign": {
			"version": "4.1.1",
			"resolved": "https://registry.npmjs.org/object-assign/-/object-assign-4.1.1.tgz",
			"integrity": "sha1-IQmtx5ZYh8/AXLvUQsrIv7s2CGM="
		},
		"object-keys": {
			"version": "1.0.11",
			"resolved": "https://registry.npmjs.org/object-keys/-/object-keys-1.0.11.tgz",
			"integrity": "sha1-xUYBd4rVYPEULODgG8yotW0TQm0="
		},
		"object.getownpropertydescriptors": {
			"version": "2.0.3",
			"resolved": "https://registry.npmjs.org/object.getownpropertydescriptors/-/object.getownpropertydescriptors-2.0.3.tgz",
			"integrity": "sha1-h1jIRvW0B62rDyNuCYbxSwUcqhY=",
			"requires": {
				"define-properties": "1.1.2",
				"es-abstract": "1.11.0"
			}
		},
		"object.values": {
			"version": "1.0.4",
			"resolved": "https://registry.npmjs.org/object.values/-/object.values-1.0.4.tgz",
			"integrity": "sha1-5STaCbT2b/Bd9FdUbscqyZ8TBpo=",
			"requires": {
				"define-properties": "1.1.2",
				"es-abstract": "1.11.0",
				"function-bind": "1.1.1",
				"has": "1.0.1"
			}
		},
		"parcel-plugin-inlinesvg": {
			"version": "1.0.0",
			"resolved": "https://registry.npmjs.org/parcel-plugin-inlinesvg/-/parcel-plugin-inlinesvg-1.0.0.tgz",
			"integrity": "sha512-PfRumf6BPMRip+KMhbqb56Ez2o/40X9KsucE7elY4neIu/l9Ea/aopm2j+IwOFB1E4cwNez3Wva945VEudxy7A==",
			"requires": {
				"svgo": "1.0.5"
			}
		},
		"promise": {
			"version": "7.3.1",
			"resolved": "https://registry.npmjs.org/promise/-/promise-7.3.1.tgz",
			"integrity": "sha512-nolQXZ/4L+bP/UGlkfaIujX9BKxGwmQ9OT4mOt5yvy8iK1h3wqTEJCijzGANTCCl9nWjY41juyAn2K3Q1hLLTg==",
			"requires": {
				"asap": "2.0.6"
			}
		},
		"prop-types": {
			"version": "15.6.1",
			"resolved": "https://registry.npmjs.org/prop-types/-/prop-types-15.6.1.tgz",
			"integrity": "sha512-4ec7bY1Y66LymSUOH/zARVYObB23AT2h8cf6e/O6ZALB/N0sqZFEx7rq6EYPX2MkOdKORuooI/H5k9TlR4q7kQ==",
			"requires": {
				"fbjs": "0.8.16",
				"loose-envify": "1.3.1",
				"object-assign": "4.1.1"
			}
		},
		"q": {
			"version": "1.5.1",
			"resolved": "https://registry.npmjs.org/q/-/q-1.5.1.tgz",
			"integrity": "sha1-fjL3W0E4EpHQRhHxvxQQmsAGUdc="
		},
		"react": {
			"version": "16.3.2",
			"resolved": "https://registry.npmjs.org/react/-/react-16.3.2.tgz",
			"integrity": "sha512-o5GPdkhciQ3cEph6qgvYB7LTOHw/GB0qRI6ZFNugj49qJCFfgHwVNjZ5u+b7nif4vOeMIOuYj3CeYe2IBD74lg==",
			"requires": {
				"fbjs": "0.8.16",
				"loose-envify": "1.3.1",
				"object-assign": "4.1.1",
				"prop-types": "15.6.1"
			}
		},
		"react-countup": {
			"version": "3.0.3",
			"resolved": "https://registry.npmjs.org/react-countup/-/react-countup-3.0.3.tgz",
			"integrity": "sha512-QXlDzvZiOrx0MJkUqAJyqCj3zqVUFWYBTIPJIyC04LLBOprHAStxIBmB8l20Xbs1S4uuUFaliXucl02fVOpwAw==",
			"requires": {
				"countup.js": "1.9.3"
			}
		},
		"react-dom": {
			"version": "16.3.2",
			"resolved": "https://registry.npmjs.org/react-dom/-/react-dom-16.3.2.tgz",
			"integrity": "sha512-MMPko3zYncNrz/7gG17wJWUREZDvskZHXOwbttzl0F0L3wDmToyuETuo/r8Y5yvDejwYcRyWI1lvVBjLJWFwKA==",
			"requires": {
				"fbjs": "0.8.16",
				"loose-envify": "1.3.1",
				"object-assign": "4.1.1",
				"prop-types": "15.6.1"
			}
		},
		"react-spring": {
			"version": "5.1.1",
			"resolved": "https://registry.npmjs.org/react-spring/-/react-spring-5.1.1.tgz",
			"integrity": "sha512-zaysNJbiHK/mIVjlmeCiHaHLUVEqrQ047GToUlswFpd+2Y4/ZuymlU6mxMVExCYk7u/xx93DV98/TU9sMF+xwg==",
			"requires": {
				"@babel/runtime": "7.0.0-beta.46"
			}
		},
		"react-svg-inline": {
			"version": "2.1.0",
			"resolved": "https://registry.npmjs.org/react-svg-inline/-/react-svg-inline-2.1.0.tgz",
			"integrity": "sha512-GzRID5IcEQ8dnnaUtTb9MDTAbhuaOiVKKAVLgrCNuehHsg3DuZbe82bjc9JhmPv0zsDWhDrJwzADNgzEvE6VeQ==",
			"requires": {
				"classnames": "2.2.5",
				"prop-types": "15.6.1"
			}
		},
		"regenerator-runtime": {
			"version": "0.11.1",
			"resolved": "https://registry.npmjs.org/regenerator-runtime/-/regenerator-runtime-0.11.1.tgz",
			"integrity": "sha512-MguG95oij0fC3QV3URf4V2SDYGJhJnJGqvIIgdECeODCT98wSWDAJ94SSuVpYQUoTcGUIL6L4yNB7j1DFFHSBg=="
		},
		"sax": {
			"version": "1.2.4",
			"resolved": "https://registry.npmjs.org/sax/-/sax-1.2.4.tgz",
			"integrity": "sha512-NqVDv9TpANUjFm0N8uM5GxL36UgKi9/atZw+x7YFnQ8ckwFGKrl4xX4yWtrey3UJm5nP1kUbnYgLopqWNSRhWw=="
		},
		"setimmediate": {
			"version": "1.0.5",
			"resolved": "https://registry.npmjs.org/setimmediate/-/setimmediate-1.0.5.tgz",
			"integrity": "sha1-KQy7Iy4waULX1+qbg3Mqt4VvgoU="
		},
		"source-map": {
			"version": "0.5.6",
			"resolved": "https://registry.npmjs.org/source-map/-/source-map-0.5.6.tgz",
			"integrity": "sha1-dc449SvwczxafwwRjYEzSiu19BI="
		},
		"sprintf-js": {
			"version": "1.0.3",
			"resolved": "https://registry.npmjs.org/sprintf-js/-/sprintf-js-1.0.3.tgz",
			"integrity": "sha1-BOaSb2YolTVPPdAVIDYzuFcpfiw="
		},
		"stable": {
			"version": "0.1.8",
			"resolved": "https://registry.npmjs.org/stable/-/stable-0.1.8.tgz",
			"integrity": "sha512-ji9qxRnOVfcuLDySj9qzhGSEFVobyt1kIOSkj1qZzYLzq7Tos/oUUWvotUPQLlrsidqsK6tBH89Bc9kL5zHA6w=="
		},
		"svgo": {
			"version": "1.0.5",
			"resolved": "https://registry.npmjs.org/svgo/-/svgo-1.0.5.tgz",
			"integrity": "sha512-nYrifviB77aNKDNKKyuay3M9aYiK6Hv5gJVDdjj2ZXTQmI8WZc8+UPLR5IpVlktJfSu3co/4XcWgrgI6seGBPg==",
			"requires": {
				"coa": "2.0.1",
				"colors": "1.1.2",
				"css-select": "1.3.0-rc0",
				"css-select-base-adapter": "0.1.0",
				"css-tree": "1.0.0-alpha25",
				"css-url-regex": "1.1.0",
				"csso": "3.5.0",
				"js-yaml": "3.10.0",
				"mkdirp": "0.5.1",
				"object.values": "1.0.4",
				"sax": "1.2.4",
				"stable": "0.1.8",
				"unquote": "1.1.1",
				"util.promisify": "1.0.0"
			}
		},
		"ua-parser-js": {
			"version": "0.7.17",
			"resolved": "https://registry.npmjs.org/ua-parser-js/-/ua-parser-js-0.7.17.tgz",
			"integrity": "sha512-uRdSdu1oA1rncCQL7sCj8vSyZkgtL7faaw9Tc9rZ3mGgraQ7+Pdx7w5mnOSF3gw9ZNG6oc+KXfkon3bKuROm0g=="
		},
		"unquote": {
			"version": "1.1.1",
			"resolved": "https://registry.npmjs.org/unquote/-/unquote-1.1.1.tgz",
			"integrity": "sha1-j97XMk7G6IoP+LkF58CYzcCG1UQ="
		},
		"util.promisify": {
			"version": "1.0.0",
			"resolved": "https://registry.npmjs.org/util.promisify/-/util.promisify-1.0.0.tgz",
			"integrity": "sha512-i+6qA2MPhvoKLuxnJNpXAGhg7HphQOSUq2LKMZD0m15EiskXUkMvKdF4Uui0WYeCUGea+o2cw/ZuwehtfsrNkA==",
			"requires": {
				"define-properties": "1.1.2",
				"object.getownpropertydescriptors": "2.0.3"
			}
		},
		"whatwg-fetch": {
			"version": "2.0.3",
			"resolved": "https://registry.npmjs.org/whatwg-fetch/-/whatwg-fetch-2.0.3.tgz",
			"integrity": "sha1-nITsLc9oGH/wC8ZOEnS0QhduHIQ="
		},
		"zenscroll": {
			"version": "4.0.2",
			"resolved": "https://registry.npmjs.org/zenscroll/-/zenscroll-4.0.2.tgz",
			"integrity": "sha1-6NV3TRwHOKR7z6hynzcS4t7d6yU="
		}
	}
}
