# THIS IS AN AUTOGENERATED FILE. DO NOT EDIT THIS FILE DIRECTLY.
# yarn lockfile v1


component-emitter@^1.2.0:
  version "1.2.1"
  resolved "https://registry.yarnpkg.com/component-emitter/-/component-emitter-1.2.1.tgz#137918d6d78283f7df7a6b7c5a63e140e69425e6"
  integrity sha1-E3kY1teCg/ffemt8WmPhQOaUJeY=

dom-walk@^0.1.0:
  version "0.1.1"
  resolved "https://registry.yarnpkg.com/dom-walk/-/dom-walk-0.1.1.tgz#672226dc74c8f799ad35307df936aba11acd6018"
  integrity sha1-ZyIm3HTI95mtNTB9+TaroRrNYBg=

global@^4.3.2:
  version "4.3.2"
  resolved "https://registry.yarnpkg.com/global/-/global-4.3.2.tgz#e76989268a6c74c38908b1305b10fc0e394e9d0f"
  integrity sha1-52mJJopsdMOJCLEwWxD8DjlOnQ8=
  dependencies:
    min-document "^2.19.0"
    process "~0.5.1"

js-cookie@2.1.0:
  version "2.1.0"
  resolved "https://registry.yarnpkg.com/js-cookie/-/js-cookie-2.1.0.tgz#479c20d0a0bb6cab81491f917788cd025d6452f0"
  integrity sha1-R5wg0KC7bKuBSR+Rd4jNAl1kUvA=

keen-core@^0.1.3:
  version "0.1.3"
  resolved "https://registry.yarnpkg.com/keen-core/-/keen-core-0.1.3.tgz#b78cccad3cd62ef2e35196984d9b370bec6b1ce2"
  integrity sha1-t4zMrTzWLvLjUZaYTZs3C+xrHOI=
  dependencies:
    component-emitter "^1.2.0"

keen-tracking@4.0.6:
  version "4.0.6"
  resolved "https://registry.yarnpkg.com/keen-tracking/-/keen-tracking-4.0.6.tgz#77e8074e344e00f0ee906708fc0079ee664cd9f7"
  integrity sha512-zbhvjZ4JZ79qakiPX8hqKApq6CSH4qxhYjovKb/Vtim/y8tmTaW/3nsCX7s8GdpWQtwjFuavQbOSK5zII18dsw==
  dependencies:
    component-emitter "^1.2.0"
    js-cookie "2.1.0"
    keen-core "^0.1.3"
    promise-polyfill "^8.0.0"
    whatwg-fetch "^2.0.4"

lodash@4.17.10:
  version "4.17.10"
  resolved "https://registry.yarnpkg.com/lodash/-/lodash-4.17.10.tgz#1b7793cf7259ea38fb3661d4d38b3260af8ae4e7"
  integrity sha512-UejweD1pDoXu+AD825lWwp4ZGtSwgnpZxb3JDViD7StjQz+Nb/6l093lx4OQ0foGWNRoc19mWy7BzL+UAK2iVg==

min-document@^2.19.0:
  version "2.19.0"
  resolved "https://registry.yarnpkg.com/min-document/-/min-document-2.19.0.tgz#7bd282e3f5842ed295bb748cdd9f1ffa2c824685"
  integrity sha1-e9KC4/WELtKVu3SM3Z8f+iyCRoU=
  dependencies:
    dom-walk "^0.1.0"

process@~0.5.1:
  version "0.5.2"
  resolved "https://registry.yarnpkg.com/process/-/process-0.5.2.tgz#1638d8a8e34c2f440a91db95ab9aeb677fc185cf"
  integrity sha1-FjjYqONML0QKkduVq5rrZ3/Bhc8=

promise-polyfill@^8.0.0:
  version "8.1.0"
  resolved "https://registry.yarnpkg.com/promise-polyfill/-/promise-polyfill-8.1.0.tgz#30059da54d1358ce905ac581f287e184aedf995d"
  integrity sha512-OzSf6gcCUQ01byV4BgwyUCswlaQQ6gzXc23aLQWhicvfX9kfsUiUhgt3CCQej8jDnl8/PhGF31JdHX2/MzF3WA==

whatwg-fetch@^2.0.4:
  version "2.0.4"
  resolved "https://registry.yarnpkg.com/whatwg-fetch/-/whatwg-fetch-2.0.4.tgz#dde6a5df315f9d39991aa17621853d720b85566f"
  integrity sha512-dcQ1GWpOD/eEQ97k66aiEVpNnapVj90/+R+SXTPYGHpYBBypfKJEQjLrvMZ7YXbKm21gXd4NcuxUTjiv1YtLng==
