{
	"name": "@o/cosal",
	"version": "2.5.2",
	"lockfileVersion": 1,
	"requires": true,
	"dependencies": {
		"compute-covariance": {
			"version": "1.0.1",
			"resolved": "https://registry.npmjs.org/compute-covariance/-/compute-covariance-1.0.1.tgz",
			"integrity": "sha1-6gTZ64E4Adza66zfiILsPwmiEwU=",
			"requires": {
				"validate.io-object": "^1.0.0"
			},
			"dependencies": {
				"validate.io-array": {
					"version": "1.0.6",
					"resolved": "https://registry.npmjs.org/validate.io-array/-/validate.io-array-1.0.6.tgz",
					"integrity": "sha1-W1osr9j4uFq7L4hroVPy2Tond00="
				},
				"validate.io-object": {
					"version": "1.0.4",
					"resolved": "https://registry.npmjs.org/validate.io-object/-/validate.io-object-1.0.4.tgz",
					"integrity": "sha1-3KAezu45DhENvCr4Q8gfe/M6Qas=",
					"requires": {
						"validate.io-array": "^1.0.1"
					}
				}
			}
		}
	}
}
