# THIS IS AN AUTOGENERATED FILE. DO NOT EDIT THIS FILE DIRECTLY.
# yarn lockfile v1


"@types/event-kit@2.4.0":
  version "2.4.0"
  resolved "http://localhost:4873/@types%2fevent-kit/-/event-kit-2.4.0.tgz#d470e1e9b5ee1ad574ca4efc65093aa116277ff4"

autobind-decorator@^2.1.0:
  version "2.1.0"
  resolved "http://localhost:4873/autobind-decorator/-/autobind-decorator-2.1.0.tgz#4451240dbfeff46361c506575a63ed40f0e5bc68"

event-kit@^2.5.0:
  version "2.5.0"
  resolved "http://localhost:4873/event-kit/-/event-kit-2.5.0.tgz#2f72b11e2b5f533cc1c950387040624a4a025fe8"
