{
	"requires": true,
	"lockfileVersion": 1,
	"dependencies": {
		"dom-walk": {
			"version": "0.1.1",
			"resolved": "https://registry.npmjs.org/dom-walk/-/dom-walk-0.1.1.tgz",
			"integrity": "sha1-ZyIm3HTI95mtNTB9+TaroRrNYBg="
		},
		"encoding": {
			"version": "0.1.12",
			"resolved": "https://registry.npmjs.org/encoding/-/encoding-0.1.12.tgz",
			"integrity": "sha1-U4tm8+5izRq1HsMjgp0flIDHS+s=",
			"requires": {
				"iconv-lite": "~0.4.13"
			}
		},
		"fetch-vcr": {
			"version": "1.1.1",
			"resolved": "https://registry.npmjs.org/fetch-vcr/-/fetch-vcr-1.1.1.tgz",
			"integrity": "sha1-rNhDljwiGx8wEig6uDLzwp2kYXw=",
			"requires": {
				"node-fetch": "^1.6.3",
				"whatwg-fetch": "^2.0.3"
			},
			"dependencies": {
				"node-fetch": {
					"version": "1.7.3",
					"resolved": "https://registry.npmjs.org/node-fetch/-/node-fetch-1.7.3.tgz",
					"integrity": "sha512-NhZ4CsKx7cYm2vSrBAr2PvFOe6sWDf0UYLRqA6svUYg7+/TSfVAu49jYC4BvQ4Sms9SZgdqGBgroqfDhJdTyKQ==",
					"requires": {
						"encoding": "^0.1.11",
						"is-stream": "^1.0.1"
					}
				}
			}
		},
		"global": {
			"version": "4.3.2",
			"resolved": "https://registry.npmjs.org/global/-/global-4.3.2.tgz",
			"integrity": "sha1-52mJJopsdMOJCLEwWxD8DjlOnQ8=",
			"requires": {
				"min-document": "^2.19.0",
				"process": "~0.5.1"
			}
		},
		"iconv-lite": {
			"version": "0.4.21",
			"resolved": "https://registry.npmjs.org/iconv-lite/-/iconv-lite-0.4.21.tgz",
			"integrity": "sha512-En5V9za5mBt2oUA03WGD3TwDv0MKAruqsuxstbMUZaj9W9k/m1CV/9py3l0L5kw9Bln8fdHQmzHSYtvpvTLpKw==",
			"requires": {
				"safer-buffer": "^2.1.0"
			}
		},
		"is-stream": {
			"version": "1.1.0",
			"resolved": "https://registry.npmjs.org/is-stream/-/is-stream-1.1.0.tgz",
			"integrity": "sha1-EtSj3U5o4Lec6428hBc66A2RykQ="
		},
		"lodash": {
			"version": "4.17.10",
			"resolved": "https://registry.npmjs.org/lodash/-/lodash-4.17.10.tgz",
			"integrity": "sha512-UejweD1pDoXu+AD825lWwp4ZGtSwgnpZxb3JDViD7StjQz+Nb/6l093lx4OQ0foGWNRoc19mWy7BzL+UAK2iVg=="
		},
		"min-document": {
			"version": "2.19.0",
			"resolved": "https://registry.npmjs.org/min-document/-/min-document-2.19.0.tgz",
			"integrity": "sha1-e9KC4/WELtKVu3SM3Z8f+iyCRoU=",
			"requires": {
				"dom-walk": "^0.1.0"
			}
		},
		"node-fetch": {
			"version": "2.1.2",
			"resolved": "https://registry.npmjs.org/node-fetch/-/node-fetch-2.1.2.tgz",
			"integrity": "sha1-q4hOjn5X44qUR1POxwb3iNF2i7U="
		},
		"octokat": {
			"version": "0.10.0",
			"resolved": "https://registry.npmjs.org/octokat/-/octokat-0.10.0.tgz",
			"integrity": "sha512-VJ21L1gMlByYMurduLYiOcI8AwlZkUV8OXRN8pMXsbkIqIVqn0tgdTfxzWM9spX4VJTTG02OgqwDTqQsOmDing==",
			"requires": {
				"fetch-vcr": "^1.1.0",
				"lodash": "^4.16.4",
				"node-fetch": "^2.0.0"
			}
		},
		"process": {
			"version": "0.5.2",
			"resolved": "https://registry.npmjs.org/process/-/process-0.5.2.tgz",
			"integrity": "sha1-FjjYqONML0QKkduVq5rrZ3/Bhc8="
		},
		"reflect-metadata": {
			"version": "0.1.12",
			"resolved": "https://registry.npmjs.org/reflect-metadata/-/reflect-metadata-0.1.12.tgz",
			"integrity": "sha512-n+IyV+nGz3+0q3/Yf1ra12KpCyi001bi4XFxSjbiWWjfqb52iTTtpGXmCCAOWWIAn9KEuFZKGqBERHmrtScZ3A=="
		},
		"safer-buffer": {
			"version": "2.1.2",
			"resolved": "https://registry.npmjs.org/safer-buffer/-/safer-buffer-2.1.2.tgz",
			"integrity": "sha512-YZo3K82SD7Riyi0E1EQPojLz7kpepnSQI9IyPbHHg1XXXevb5dJI7tpyN2ADxGcQbHG7vcyRHk0cbwqcQriUtg=="
		},
		"slack": {
			"version": "11.0.0",
			"resolved": "https://registry.npmjs.org/slack/-/slack-11.0.0.tgz",
			"integrity": "sha512-GSu9DgFftK89U+mXUCTZZmBvpEfnTTGoUgXNtjrUfVvQ4+lHRWgtM2GU0Oqc3sMQ9tQz4e3+3eC5NPEcXyjq/A==",
			"requires": {
				"tiny-json-http": "^7.0.0"
			}
		},
		"tiny-json-http": {
			"version": "7.0.0",
			"resolved": "https://registry.npmjs.org/tiny-json-http/-/tiny-json-http-7.0.0.tgz",
			"integrity": "sha512-g3S2RiSmoZDJOMDTX6uj8GjVsiH4s0W0tb1YKYARoP4cosgIb4CB2i7Cdzn9UJqOrI1b1aNK+cgScPx4TwolQg=="
		},
		"whatwg-fetch": {
			"version": "2.0.4",
			"resolved": "https://registry.npmjs.org/whatwg-fetch/-/whatwg-fetch-2.0.4.tgz",
			"integrity": "sha512-dcQ1GWpOD/eEQ97k66aiEVpNnapVj90/+R+SXTPYGHpYBBypfKJEQjLrvMZ7YXbKm21gXd4NcuxUTjiv1YtLng=="
		}
	}
}
