{
  "name": "@o/gloss",
  "version": "2.4.1",
  "lockfileVersion": 1,
  "requires": true,
  "dependencies": {
    "@o/color": {
      "version": "2.4.1",
      "resolved": "https://registry.npmjs.org/@o/color/-/color-2.4.1.tgz",
      "integrity": "sha512-dxVk9r17k3vK+hf4oApG07EL1IuK7KwcH4T5PvAI3/clLVzJHnzyZsr5ua7btxCVB3Qlhz1ScYs3TqtE7wZvYg=="
    },
    "@o/css": {
      "version": "2.4.1",
      "resolved": "https://registry.npmjs.org/@o/css/-/css-2.4.1.tgz",
      "integrity": "sha512-LVBj4z5zj8iK1WJwsTf5NuYoaeIDQxnFK03zPhAvLz2olgshYbRP1nzENgGbXbcdEKx4sQCcPPO/4u1cAPd6YQ==",
      "requires": {
        "@o/color": "^2.4.1"
      }
    },
    "@o/fast-compare": {
      "version": "2.4.1",
      "resolved": "https://registry.npmjs.org/@o/fast-compare/-/fast-compare-2.4.1.tgz",
      "integrity": "sha512-2ynGRSt2xk2KviHvYEWLsBYXo7NOPO9XaMaZ73FNYgPdGu6i1RqlxwWlFO/LK+aJQwu+KVHqzfcsryTAJ3MhoQ=="
    }
  }
}
