# THIS IS AN AUTOGENERATED FILE. DO NOT EDIT THIS FILE DIRECTLY.
# yarn lockfile v1


aphrodite-jss@^1.0.0:
  version "1.1.1"
  resolved "https://registry.yarnpkg.com/aphrodite-jss/-/aphrodite-jss-1.1.1.tgz#f69df01124f7bdaa96b7424fb9b7ef1011837fcd"
  dependencies:
    jss "^7.1.2"
    jss-preset-default "^2.0.0"
    murmurhash-js "^1.0.0"

babel-helper-builder-react-jsx@^6.24.1:
  version "6.24.1"
  resolved "https://registry.yarnpkg.com/babel-helper-builder-react-jsx/-/babel-helper-builder-react-jsx-6.24.1.tgz#0ad7917e33c8d751e646daca4e77cc19377d2cbc"
  dependencies:
    babel-runtime "^6.22.0"
    babel-types "^6.24.1"
    esutils "^2.0.0"

babel-runtime@^6.22.0:
  version "6.23.0"
  resolved "https://registry.yarnpkg.com/babel-runtime/-/babel-runtime-6.23.0.tgz#0a9489f144de70efb3ce4300accdb329e2fc543b"
  dependencies:
    core-js "^2.4.0"
    regenerator-runtime "^0.10.0"

babel-types@^6.24.1:
  version "6.25.0"
  resolved "https://registry.yarnpkg.com/babel-types/-/babel-types-6.25.0.tgz#70afb248d5660e5d18f811d91c8303b54134a18e"
  dependencies:
    babel-runtime "^6.22.0"
    esutils "^2.0.2"
    lodash "^4.2.0"
    to-fast-properties "^1.0.1"

core-js@^2.4.0:
  version "2.4.1"
  resolved "https://registry.yarnpkg.com/core-js/-/core-js-2.4.1.tgz#4de911e667b0eae9124e34254b53aea6fc618d3e"

css-vendor@^0.3.8:
  version "0.3.8"
  resolved "https://registry.yarnpkg.com/css-vendor/-/css-vendor-0.3.8.tgz#6421cfd3034ce664fe7673972fd0119fc28941fa"
  dependencies:
    is-in-browser "^1.0.2"

deep-extend@^0.5.0:
  version "0.5.0"
  resolved "https://registry.yarnpkg.com/deep-extend/-/deep-extend-0.5.0.tgz#6ef4a09b05f98b0e358d6d93d4ca3caec6672803"

esutils@^2.0.0, esutils@^2.0.2:
  version "2.0.2"
  resolved "https://registry.yarnpkg.com/esutils/-/esutils-2.0.2.tgz#0abf4f1caa5bcb1f7a9d8acc6dea4faaa04bac9b"

is-in-browser@1.0.2, is-in-browser@^1.0.2:
  version "1.0.2"
  resolved "https://registry.yarnpkg.com/is-in-browser/-/is-in-browser-1.0.2.tgz#f688bea8f1e5aadc3244ebc870d188cfb9b613cf"

js-tokens@^3.0.0:
  version "3.0.1"
  resolved "https://registry.yarnpkg.com/js-tokens/-/js-tokens-3.0.1.tgz#08e9f132484a2c45a30907e9dc4d5567b7f114d7"

jss-camel-case@^3.0.0:
  version "3.0.0"
  resolved "https://registry.yarnpkg.com/jss-camel-case/-/jss-camel-case-3.0.0.tgz#46aa18eb149e95afce074532ad47df1c2a7d45cb"

jss-camel-case@^4.0.0:
  version "4.0.0"
  resolved "https://registry.yarnpkg.com/jss-camel-case/-/jss-camel-case-4.0.0.tgz#39ef2a137aaa1e2f160ab826845305f8efabcfd5"

jss-compose@^2.0.0:
  version "2.1.0"
  resolved "https://registry.yarnpkg.com/jss-compose/-/jss-compose-2.1.0.tgz#3751d613fb61c715e3d91140dea5f1794968847d"
  dependencies:
    warning "^3.0.0"

jss-compose@^3.0.0:
  version "3.0.1"
  resolved "https://registry.yarnpkg.com/jss-compose/-/jss-compose-3.0.1.tgz#0ac07f20baf1d523c211016d383dab08dcfe4186"
  dependencies:
    warning "^3.0.0"

jss-default-unit@^5.0.2:
  version "5.0.3"
  resolved "https://registry.yarnpkg.com/jss-default-unit/-/jss-default-unit-5.0.3.tgz#b9450f31c37feaed3151554b2938363974780af1"

jss-default-unit@^6.0.0:
  version "6.1.2"
  resolved "https://registry.yarnpkg.com/jss-default-unit/-/jss-default-unit-6.1.2.tgz#6c460154129b7be304a4a4dcd2b283584954aec5"

jss-expand@^2.0.3:
  version "2.1.0"
  resolved "https://registry.yarnpkg.com/jss-expand/-/jss-expand-2.1.0.tgz#dc0f458304a9f597b524dd4ae773ea29adcb3d27"

jss-expand@^3.0.0:
  version "3.0.1"
  resolved "https://registry.yarnpkg.com/jss-expand/-/jss-expand-3.0.1.tgz#90f1b30ad0ab700e666ea54f7186341c50d7feed"

jss-extend@^3.0.0:
  version "3.0.1"
  resolved "https://registry.yarnpkg.com/jss-extend/-/jss-extend-3.0.1.tgz#aeb5846f1650d7590c686b5c1932b44a3721742d"
  dependencies:
    warning "^3.0.0"

jss-extend@^4.0.0:
  version "4.0.1"
  resolved "https://registry.yarnpkg.com/jss-extend/-/jss-extend-4.0.1.tgz#6b716a1b217ba32715dbcb69940ec67b35c415dc"
  dependencies:
    warning "^3.0.0"

jss-global@^0.4.1:
  version "0.4.1"
  resolved "https://registry.yarnpkg.com/jss-global/-/jss-global-0.4.1.tgz#41862c78528de4d333853004eb71adecde1a5fda"

jss-global@^1.0.0:
  version "1.0.1"
  resolved "https://registry.yarnpkg.com/jss-global/-/jss-global-1.0.1.tgz#36731778f6d8649110611f7c178dbcd60fd92b24"

jss-nested@^3.0.1:
  version "3.0.1"
  resolved "https://registry.yarnpkg.com/jss-nested/-/jss-nested-3.0.1.tgz#14c10265c8fc5bd61b450b48f1e9fb36d90ae569"
  dependencies:
    warning "^3.0.0"

jss-nested@^4.0.0:
  version "4.0.1"
  resolved "https://registry.yarnpkg.com/jss-nested/-/jss-nested-4.0.1.tgz#f50cc206430c8a920ccd54e3b756f7fc72455130"
  dependencies:
    warning "^3.0.0"

jss-preset-default@^1.1.0:
  version "1.3.1"
  resolved "https://registry.yarnpkg.com/jss-preset-default/-/jss-preset-default-1.3.1.tgz#8a4b7f9a41ec412d19fb1d23e6dc80ebef040d5a"
  dependencies:
    jss-camel-case "^3.0.0"
    jss-compose "^2.0.0"
    jss-default-unit "^5.0.2"
    jss-expand "^2.0.3"
    jss-extend "^3.0.0"
    jss-global "^0.4.1"
    jss-nested "^3.0.1"
    jss-props-sort "^3.0.0"
    jss-vendor-prefixer "^4.0.0"

jss-preset-default@^2.0.0:
  version "2.0.0"
  resolved "https://registry.yarnpkg.com/jss-preset-default/-/jss-preset-default-2.0.0.tgz#0368d99626b31067e8d04ab3c7cb17ba8354d422"
  dependencies:
    jss-camel-case "^4.0.0"
    jss-compose "^3.0.0"
    jss-default-unit "^6.0.0"
    jss-expand "^3.0.0"
    jss-extend "^4.0.0"
    jss-global "^1.0.0"
    jss-nested "^4.0.0"
    jss-props-sort "^4.0.0"
    jss-vendor-prefixer "^5.0.0"

jss-props-sort@^3.0.0:
  version "3.0.0"
  resolved "https://registry.yarnpkg.com/jss-props-sort/-/jss-props-sort-3.0.0.tgz#19544610109b1fa953f22799eecb080240d8dc00"

jss-props-sort@^4.0.0:
  version "4.0.0"
  resolved "https://registry.yarnpkg.com/jss-props-sort/-/jss-props-sort-4.0.0.tgz#ef4239c6795ca304c18dce9e0395a1789ed9f78a"

jss-vendor-prefixer@^4.0.0:
  version "4.0.0"
  resolved "https://registry.yarnpkg.com/jss-vendor-prefixer/-/jss-vendor-prefixer-4.0.0.tgz#df16a8fcc6ecb4567394174e6ab90145cf8b34a3"
  dependencies:
    css-vendor "^0.3.8"

jss-vendor-prefixer@^5.0.0:
  version "5.1.0"
  resolved "https://registry.yarnpkg.com/jss-vendor-prefixer/-/jss-vendor-prefixer-5.1.0.tgz#59b73544de81e6b2efd71f6d3b744671826865a2"
  dependencies:
    css-vendor "^0.3.8"

jss@^6.0.1:
  version "6.5.0"
  resolved "https://registry.yarnpkg.com/jss/-/jss-6.5.0.tgz#9294a367b658daa2036c36f563ff6bfb0c7b12a1"
  dependencies:
    is-in-browser "1.0.2"
    warning "3.0.0"

jss@^7.1.2:
  version "7.1.7"
  resolved "https://registry.yarnpkg.com/jss/-/jss-7.1.7.tgz#f2ace208247f1a68166dd20ccd69c866105fa404"
  dependencies:
    is-in-browser "1.0.2"
    warning "3.0.0"

lodash@^4.17.4, lodash@^4.2.0:
  version "4.17.4"
  resolved "https://registry.yarnpkg.com/lodash/-/lodash-4.17.4.tgz#78203a4d1c328ae1d86dca6460e369b57f4055ae"

loose-envify@^1.0.0:
  version "1.3.1"
  resolved "https://registry.yarnpkg.com/loose-envify/-/loose-envify-1.3.1.tgz#d1a8ad33fa9ce0e713d65fdd0ac8b748d478c848"
  dependencies:
    js-tokens "^3.0.0"

murmurhash-js@^1.0.0:
  version "1.0.0"
  resolved "https://registry.yarnpkg.com/murmurhash-js/-/murmurhash-js-1.0.0.tgz#b06278e21fc6c37fa5313732b0412bcb6ae15f51"

regenerator-runtime@^0.10.0:
  version "0.10.5"
  resolved "https://registry.yarnpkg.com/regenerator-runtime/-/regenerator-runtime-0.10.5.tgz#336c3efc1220adcedda2c9fab67b5a7955a33658"

to-fast-properties@^1.0.1:
  version "1.0.3"
  resolved "https://registry.yarnpkg.com/to-fast-properties/-/to-fast-properties-1.0.3.tgz#b83571fa4d8c25b82e231b06e3a3055de4ca1a47"

warning@3.0.0, warning@^3.0.0:
  version "3.0.0"
  resolved "https://registry.yarnpkg.com/warning/-/warning-3.0.0.tgz#32e5377cb572de4ab04753bdf8821c01ed605b7c"
  dependencies:
    loose-envify "^1.0.0"
