{
	"name": "@o/kit",
	"version": "2.5.6",
	"lockfileVersion": 1,
	"requires": true,
	"dependencies": {
		"fuzzysort": {
			"version": "1.1.4",
			"resolved": "https://registry.npmjs.org/fuzzysort/-/fuzzysort-1.1.4.tgz",
			"integrity": "sha512-JzK/lHjVZ6joAg3OnCjylwYXYVjRiwTY6Yb25LvfpJHK8bjisfnZJ5bY8aVWwTwCXgxPNgLAtmHL+Hs5q1ddLQ=="
		},
		"memoize-weak": {
			"version": "1.0.2",
			"resolved": "https://registry.npmjs.org/memoize-weak/-/memoize-weak-1.0.2.tgz",
			"integrity": "sha1-0AFaTHxs/yJj27tJ2x3CBuu5SRY="
		}
	}
}
