{
	"requires": true,
	"lockfileVersion": 1,
	"dependencies": {
		"@types/webpack-env": {
			"version": "1.13.5",
			"resolved": "https://registry.npmjs.org/@types/webpack-env/-/webpack-env-1.13.5.tgz",
			"integrity": "sha512-YJf5OCQXQ7eciY5js9WgDniScllmeQUcY1acsdBoRVqVFbqarGksLv1Iaba1u4x3sW9DFsw7PhxWgo2FaIUhUA=="
		},
		"dom-walk": {
			"version": "0.1.1",
			"resolved": "https://registry.npmjs.org/dom-walk/-/dom-walk-0.1.1.tgz",
			"integrity": "sha1-ZyIm3HTI95mtNTB9+TaroRrNYBg="
		},
		"global": {
			"version": "4.3.2",
			"resolved": "https://registry.npmjs.org/global/-/global-4.3.2.tgz",
			"integrity": "sha1-52mJJopsdMOJCLEwWxD8DjlOnQ8=",
			"requires": {
				"min-document": "^2.19.0",
				"process": "~0.5.1"
			}
		},
		"min-document": {
			"version": "2.19.0",
			"resolved": "https://registry.npmjs.org/min-document/-/min-document-2.19.0.tgz",
			"integrity": "sha1-e9KC4/WELtKVu3SM3Z8f+iyCRoU=",
			"requires": {
				"dom-walk": "^0.1.0"
			}
		},
		"mobx-utils": {
			"version": "3.2.2",
			"resolved": "https://registry.npmjs.org/mobx-utils/-/mobx-utils-3.2.2.tgz",
			"integrity": "sha1-GXn+haJ99JbU8XryiIE6xP01b9U="
		},
		"process": {
			"version": "0.5.2",
			"resolved": "https://registry.npmjs.org/process/-/process-0.5.2.tgz",
			"integrity": "sha1-FjjYqONML0QKkduVq5rrZ3/Bhc8="
		}
	}
}
