# THIS IS AN AUTOGENERATED FILE. DO NOT EDIT THIS FILE DIRECTLY.
# yarn lockfile v1


batch-processor@^1.0.0:
  version "1.0.0"
  resolved "https://registry.yarnpkg.com/batch-processor/-/batch-processor-1.0.0.tgz#75c95c32b748e0850d10c2b168f6bdbe9891ace8"

color-convert@^1.8.2:
  version "1.9.0"
  resolved "https://registry.yarnpkg.com/color-convert/-/color-convert-1.9.0.tgz#1accf97dd739b983bf994d56fec8f95853641b7a"
  dependencies:
    color-name "^1.1.1"

color-name@^1.0.0, color-name@^1.1.1:
  version "1.1.2"
  resolved "https://registry.yarnpkg.com/color-name/-/color-name-1.1.2.tgz#5c8ab72b64bd2215d617ae9559ebb148475cf98d"

color-string@^1.4.0:
  version "1.5.2"
  resolved "https://registry.yarnpkg.com/color-string/-/color-string-1.5.2.tgz#26e45814bc3c9a7cbd6751648a41434514a773a9"
  dependencies:
    color-name "^1.0.0"
    simple-swizzle "^0.2.2"

color@^1.0.3:
  version "1.0.3"
  resolved "https://registry.yarnpkg.com/color/-/color-1.0.3.tgz#e48e832d85f14ef694fb468811c2d5cfe729b55d"
  dependencies:
    color-convert "^1.8.2"
    color-string "^1.4.0"

element-resize-detector@^1.1.12:
  version "1.1.12"
  resolved "https://registry.yarnpkg.com/element-resize-detector/-/element-resize-detector-1.1.12.tgz#8b3fd6eedda17f9c00b360a0ea2df9927ae80ba2"
  dependencies:
    batch-processor "^1.0.0"

is-arrayish@^0.3.1:
  version "0.3.1"
  resolved "https://registry.yarnpkg.com/is-arrayish/-/is-arrayish-0.3.1.tgz#c2dfc386abaa0c3e33c48db3fe87059e69065efd"

mitt@^1.1.0:
  version "1.1.2"
  resolved "https://registry.yarnpkg.com/mitt/-/mitt-1.1.2.tgz#380e61480d6a615b660f07abb60d51e0a4e4bed6"

react-slot-fill@^1.0.0-alpha.12:
  version "1.0.0-alpha.12"
  resolved "https://registry.yarnpkg.com/react-slot-fill/-/react-slot-fill-1.0.0-alpha.12.tgz#ebb7928c7e6a42ad1edb7335da1288d7905d4f7a"
  dependencies:
    mitt "^1.1.0"

simple-swizzle@^0.2.2:
  version "0.2.2"
  resolved "https://registry.yarnpkg.com/simple-swizzle/-/simple-swizzle-0.2.2.tgz#a4da6b635ffcccca33f70d17cb92592de95e557a"
  dependencies:
    is-arrayish "^0.3.1"
