# THIS IS AN AUTOGENERATED FILE. DO NOT EDIT THIS FILE DIRECTLY.
# yarn lockfile v1


disposable-event@^1.0.3:
  version "1.0.3"
  resolved "https://registry.yarnpkg.com/disposable-event/-/disposable-event-1.0.3.tgz#c51986ec63048237ca82472fe549f895214d0e35"
  integrity sha1-xRmG7GMEgjfKgkcv5Un4lSFNDjU=
  dependencies:
    sb-event-kit "^2.0.0"

event-kit@^2.5.0:
  version "2.5.3"
  resolved "https://registry.yarnpkg.com/event-kit/-/event-kit-2.5.3.tgz#d47e4bc116ec0aacd00263791fa1a55eb5e79ba1"
  integrity sha512-b7Qi1JNzY4BfAYfnIRanLk0DOD1gdkWHT4GISIn8Q2tAf3LpU8SP2CMwWaq40imYoKWbtN4ZhbSRxvsnikooZQ==

lodash@^4.17.10:
  version "4.17.11"
  resolved "https://registry.yarnpkg.com/lodash/-/lodash-4.17.11.tgz#b39ea6229ef607ecd89e2c8df12536891cac9b8d"
  integrity sha512-cQKh8igo5QUhZ7lg38DYWAxMvjSAKG0A8wGSVimP07SIUEK2UO+arSRKbRZWtelMtN5V0Hkwh5ryOto/SshYIg==

sb-event-kit@^2.0.0:
  version "2.0.0"
  resolved "https://registry.yarnpkg.com/sb-event-kit/-/sb-event-kit-2.0.0.tgz#10b736812f13a37a473aa6eaa3089b66ab725a7f"
  integrity sha1-ELc2gS8To3pHOqbqowibZqtyWn8=

string-hash@^1.1.3:
  version "1.1.3"
  resolved "https://registry.yarnpkg.com/string-hash/-/string-hash-1.1.3.tgz#e8aafc0ac1855b4666929ed7dd1275df5d6c811b"
  integrity sha1-6Kr8CsGFW0Zmkp7X3RJ1311sgRs=
