{
	"requires": true,
	"lockfileVersion": 1,
	"dependencies": {
		"hoist-non-react-statics": {
			"version": "2.5.0",
			"resolved": "https://registry.npmjs.org/hoist-non-react-statics/-/hoist-non-react-statics-2.5.0.tgz",
			"integrity": "sha512-6Bl6XsDT1ntE0lHbIhr4Kp2PGcleGZ66qu5Jqk8lc0Xc/IeG6gVLmwUGs/K0Us+L8VWoKgj0uWdPMataOsm31w=="
		},
		"mobx-react": {
			"version": "5.1.2",
			"resolved": "https://registry.npmjs.org/mobx-react/-/mobx-react-5.1.2.tgz",
			"integrity": "sha1-7FwtKaHfgj29GzfiFPo2oJBwVOI=",
			"requires": {
				"hoist-non-react-statics": "^2.5.0",
				"react-lifecycles-compat": "^3.0.2"
			}
		},
		"react-lifecycles-compat": {
			"version": "3.0.4",
			"resolved": "https://registry.npmjs.org/react-lifecycles-compat/-/react-lifecycles-compat-3.0.4.tgz",
			"integrity": "sha512-fBASbA6LnOU9dOU2eW7aQ8xmYBSXUIWr+UmF9b1efZBazGNO+rcXT/icdKnYm2pTwcRylVUYwW7H1PHfLekVzA=="
		}
	}
}
