{
	"requires": true,
	"lockfileVersion": 1,
	"dependencies": {
		"hoist-non-react-statics": {
			"version": "2.5.0",
			"resolved": "https://registry.npmjs.org/hoist-non-react-statics/-/hoist-non-react-statics-2.5.0.tgz",
			"integrity": "sha512-6Bl6XsDT1ntE0lHbIhr4Kp2PGcleGZ66qu5Jqk8lc0Xc/IeG6gVLmwUGs/K0Us+L8VWoKgj0uWdPMataOsm31w=="
		},
		"mobx-react": {
			"version": "4.4.3",
			"resolved": "https://registry.npmjs.org/mobx-react/-/mobx-react-4.4.3.tgz",
			"integrity": "sha1-uqnsQRZe41rnud8ZvKEBkPNvEX4=",
			"requires": {
				"hoist-non-react-statics": "^2.3.1"
			}
		}
	}
}
