# THIS IS AN AUTOGENERATED FILE. DO NOT EDIT THIS FILE DIRECTLY.
# yarn lockfile v1


"@babel/runtime@7.0.0-beta.47":
  version "7.0.0-beta.47"
  resolved "http://localhost:4873/@babel%2fruntime/-/runtime-7.0.0-beta.47.tgz#273f5e71629e80f6cbcd7507503848615e59f7e0"
  dependencies:
    core-js "^2.5.3"
    regenerator-runtime "^0.11.1"

"@babel/runtime@7.0.0-beta.49":
  version "7.0.0-beta.49"
  resolved "http://localhost:4873/@babel%2fruntime/-/runtime-7.0.0-beta.49.tgz#03b3bf07eb982072c8e851dd2ddd5110282e61bf"
  dependencies:
    core-js "^2.5.6"
    regenerator-runtime "^0.11.1"

access-control@~1.0.0:
  version "1.0.0"
  resolved "http://localhost:4873/access-control/-/access-control-1.0.0.tgz#aeba282cee77313e85240163d69e35b29e36d626"
  dependencies:
    millisecond "0.1.x"
    setheader "0.0.x"
    vary "1.1.x"

arrford@2.0.1:
  version "2.0.1"
  resolved "http://localhost:4873/arrford/-/arrford-2.0.1.tgz#22a59f059200db9af67f969053edd8e8bb148fb8"

asap@~2.0.3:
  version "2.0.6"
  resolved "http://localhost:4873/asap/-/asap-2.0.6.tgz#e50347611d7e690943208bbdafebcbc2fb866d46"

asyncemit@~3.0.1:
  version "3.0.1"
  resolved "http://localhost:4873/asyncemit/-/asyncemit-3.0.1.tgz#cc3e0fe0da39b53cc15e5b3aa8616ea6a72bd599"

color-convert@^0.5.0:
  version "0.5.3"
  resolved "http://localhost:4873/color-convert/-/color-convert-0.5.3.tgz#bdb6c69ce660fadffe0b0007cc447e1b9f7282bd"

color-convert@^1.9.1:
  version "1.9.2"
  resolved "http://localhost:4873/color-convert/-/color-convert-1.9.2.tgz#49881b8fba67df12a96bdf3f56c0aab9e7913147"
  dependencies:
    color-name "1.1.1"

color-name@1.1.1:
  version "1.1.1"
  resolved "http://localhost:4873/color-name/-/color-name-1.1.1.tgz#4b1415304cf50028ea81643643bd82ea05803689"

color-name@^1.0.0:
  version "1.1.3"
  resolved "http://localhost:4873/color-name/-/color-name-1.1.3.tgz#a7d0558bd89c42f795dd42328f740831ca53bc25"

color-string@^0.3.0:
  version "0.3.0"
  resolved "http://localhost:4873/color-string/-/color-string-0.3.0.tgz#27d46fb67025c5c2fa25993bfbf579e47841b991"
  dependencies:
    color-name "^1.0.0"

color-string@^1.5.2:
  version "1.5.2"
  resolved "http://localhost:4873/color-string/-/color-string-1.5.2.tgz#26e45814bc3c9a7cbd6751648a41434514a773a9"
  dependencies:
    color-name "^1.0.0"
    simple-swizzle "^0.2.2"

color@0.8.x:
  version "0.8.0"
  resolved "http://localhost:4873/color/-/color-0.8.0.tgz#890c07c3fd4e649537638911cf691e5458b6fca5"
  dependencies:
    color-convert "^0.5.0"
    color-string "^0.3.0"

color@^3.0.0:
  version "3.0.0"
  resolved "http://localhost:4873/color/-/color-3.0.0.tgz#d920b4328d534a3ac8295d68f7bd4ba6c427be9a"
  dependencies:
    color-convert "^1.9.1"
    color-string "^1.5.2"

colornames@0.0.2:
  version "0.0.2"
  resolved "http://localhost:4873/colornames/-/colornames-0.0.2.tgz#d811fd6c84f59029499a8ac4436202935b92be31"

colorspace@1.0.x:
  version "1.0.1"
  resolved "http://localhost:4873/colorspace/-/colorspace-1.0.1.tgz#c99c796ed31128b9876a52e1ee5ee03a4a719749"
  dependencies:
    color "0.8.x"
    text-hex "0.0.x"

connected@0.0.x:
  version "0.0.2"
  resolved "http://localhost:4873/connected/-/connected-0.0.2.tgz#7b5755b216ce31ffabccc38e9f4e1dfc1c3b7c6d"

core-js@^1.0.0:
  version "1.2.7"
  resolved "http://localhost:4873/core-js/-/core-js-1.2.7.tgz#652294c14651db28fa93bd2d5ff2983a4f08c636"

core-js@^2.5.3, core-js@^2.5.6:
  version "2.5.7"
  resolved "http://localhost:4873/core-js/-/core-js-2.5.7.tgz#f972608ff0cead68b841a16a932d0b183791814e"

create-server@~1.0.1:
  version "1.0.1"
  resolved "http://localhost:4873/create-server/-/create-server-1.0.1.tgz#164342834f188bbec7c7bc4667463cc2b1304c44"
  dependencies:
    connected "0.0.x"

cross-spawn@^6.0.0:
  version "6.0.5"
  resolved "http://localhost:4873/cross-spawn/-/cross-spawn-6.0.5.tgz#4a5ec7c64dfae22c3a14124dbacdee846d80cbc4"
  dependencies:
    nice-try "^1.0.4"
    path-key "^2.0.1"
    semver "^5.5.0"
    shebang-command "^1.2.0"
    which "^1.2.9"

date-fns@1.29.0:
  version "1.29.0"
  resolved "http://localhost:4873/date-fns/-/date-fns-1.29.0.tgz#12e609cdcb935127311d04d33334e2960a2a54e6"

debug@0.7.x:
  version "0.7.4"
  resolved "http://localhost:4873/debug/-/debug-0.7.4.tgz#06e1ea8082c2cb14e39806e22e2f6f757f92af39"

diagnostics@~1.1.0:
  version "1.1.0"
  resolved "http://localhost:4873/diagnostics/-/diagnostics-1.1.0.tgz#e1090900b49523e8527be20f081275205f2ae36a"
  dependencies:
    colorspace "1.0.x"
    enabled "1.0.x"
    kuler "0.0.x"

dom-walk@^0.1.0:
  version "0.1.1"
  resolved "http://localhost:4873/dom-walk/-/dom-walk-0.1.1.tgz#672226dc74c8f799ad35307df936aba11acd6018"

emits@3.0.x:
  version "3.0.0"
  resolved "http://localhost:4873/emits/-/emits-3.0.0.tgz#32752bba95e1707b219562384ab9bb8b1fd62f70"

enabled@1.0.x:
  version "1.0.2"
  resolved "http://localhost:4873/enabled/-/enabled-1.0.2.tgz#965f6513d2c2d1c5f4652b64a2e3396467fc2f93"
  dependencies:
    env-variable "0.0.x"

encoding@^0.1.11:
  version "0.1.12"
  resolved "http://localhost:4873/encoding/-/encoding-0.1.12.tgz#538b66f3ee62cd1ab51ec323829d1f9480c74beb"
  dependencies:
    iconv-lite "~0.4.13"

env-variable@0.0.x:
  version "0.0.4"
  resolved "http://localhost:4873/env-variable/-/env-variable-0.0.4.tgz#0d6280cf507d84242befe35a512b5ae4be77c54e"

event-kit@^2.5.0:
  version "2.5.0"
  resolved "http://localhost:4873/event-kit/-/event-kit-2.5.0.tgz#2f72b11e2b5f533cc1c950387040624a4a025fe8"

eventemitter3@~3.1.0:
  version "3.1.0"
  resolved "http://localhost:4873/eventemitter3/-/eventemitter3-3.1.0.tgz#090b4d6cdbd645ed10bf750d4b5407942d7ba163"

execa@^0.10.0:
  version "0.10.0"
  resolved "http://localhost:4873/execa/-/execa-0.10.0.tgz#ff456a8f53f90f8eccc71a96d11bdfc7f082cb50"
  dependencies:
    cross-spawn "^6.0.0"
    get-stream "^3.0.0"
    is-stream "^1.1.0"
    npm-run-path "^2.0.0"
    p-finally "^1.0.0"
    signal-exit "^3.0.0"
    strip-eof "^1.0.0"

extendible@0.1.x:
  version "0.1.1"
  resolved "http://localhost:4873/extendible/-/extendible-0.1.1.tgz#e2a37ed87129fb4f9533e8a8d7506230a539c905"

fast-levenshtein@^2.0.6:
  version "2.0.6"
  resolved "http://localhost:4873/fast-levenshtein/-/fast-levenshtein-2.0.6.tgz#3d8a5c66883a16a30ca8643e851f19baa7797917"

fbjs@^0.8.16:
  version "0.8.16"
  resolved "http://localhost:4873/fbjs/-/fbjs-0.8.16.tgz#5e67432f550dc41b572bf55847b8aca64e5337db"
  dependencies:
    core-js "^1.0.0"
    isomorphic-fetch "^2.1.1"
    loose-envify "^1.0.0"
    object-assign "^4.1.0"
    promise "^7.1.1"
    setimmediate "^1.0.5"
    ua-parser-js "^0.7.9"

forwarded-for@~1.0.1:
  version "1.0.1"
  resolved "http://localhost:4873/forwarded-for/-/forwarded-for-1.0.1.tgz#e7da4814025168ffc0a10d3ff79e1415f46af469"

fusing@~1.0.0:
  version "1.0.0"
  resolved "http://localhost:4873/fusing/-/fusing-1.0.0.tgz#550c15d76af9265778aa051ece44d4000a098d45"
  dependencies:
    emits "3.0.x"
    predefine "0.1.x"

fuzzysort@^1.1.1:
  version "1.1.2"
  resolved "http://localhost:4873/fuzzysort/-/fuzzysort-1.1.2.tgz#0df31da9d1a2b5c645fa80b18736f7e320d8a29f"

get-stream@^3.0.0:
  version "3.0.0"
  resolved "http://localhost:4873/get-stream/-/get-stream-3.0.0.tgz#8e943d1358dc37555054ecbe2edb05aa174ede14"

get-them-args@^1.3.1:
  version "1.3.1"
  resolved "http://localhost:4873/get-them-args/-/get-them-args-1.3.1.tgz#ac1aeca013fda7db12591aaac129c58118e3daa8"

global@^4.3.0:
  version "4.3.2"
  resolved "http://localhost:4873/global/-/global-4.3.2.tgz#e76989268a6c74c38908b1305b10fc0e394e9d0f"
  dependencies:
    min-document "^2.19.0"
    process "~0.5.1"

hoist-non-react-statics@^2.5.0:
  version "2.5.4"
  resolved "http://localhost:4873/hoist-non-react-statics/-/hoist-non-react-statics-2.5.4.tgz#fc3b1ac05d2ae3abedec84eba846511b0d4fcc4f"

iconv-lite@~0.4.13:
  version "0.4.23"
  resolved "http://localhost:4873/iconv-lite/-/iconv-lite-0.4.23.tgz#297871f63be507adcfbfca715d0cd0eed84e9a63"
  dependencies:
    safer-buffer ">= 2.1.2 < 3"

invariant@2.2.4:
  version "2.2.4"
  resolved "http://localhost:4873/invariant/-/invariant-2.2.4.tgz#610f3c92c9359ce1db616e538008d23ff35158e6"
  dependencies:
    loose-envify "^1.0.0"

is-arrayish@^0.3.1:
  version "0.3.1"
  resolved "http://localhost:4873/is-arrayish/-/is-arrayish-0.3.1.tgz#c2dfc386abaa0c3e33c48db3fe87059e69065efd"

is-stream@^1.0.1, is-stream@^1.1.0:
  version "1.1.0"
  resolved "http://localhost:4873/is-stream/-/is-stream-1.1.0.tgz#12d4a3dd4e68e0b79ceb8dbc84173ae80d91ca44"

isexe@^2.0.0:
  version "2.0.0"
  resolved "http://localhost:4873/isexe/-/isexe-2.0.0.tgz#e8fbf374dc556ff8947a10dcb0572d633f2cfa10"

isomorphic-fetch@^2.1.1:
  version "2.2.1"
  resolved "http://localhost:4873/isomorphic-fetch/-/isomorphic-fetch-2.2.1.tgz#611ae1acf14f5e81f729507472819fe9733558a9"
  dependencies:
    node-fetch "^1.0.1"
    whatwg-fetch ">=0.10.0"

js-tokens@^3.0.0:
  version "3.0.2"
  resolved "http://localhost:4873/js-tokens/-/js-tokens-3.0.2.tgz#9866df395102130e38f7f996bceb65443209c25b"

keycode@^2.1.9:
  version "2.2.0"
  resolved "http://localhost:4873/keycode/-/keycode-2.2.0.tgz#3d0af56dc7b8b8e5cba8d0a97f107204eec22b04"

keyword-extractor@0.0.15:
  version "0.0.15"
  resolved "http://localhost:4873/keyword-extractor/-/keyword-extractor-0.0.15.tgz#193157dc6230f1be81f3147567ee8f16267d8e27"
  dependencies:
    underscore "1.7.0"
    underscore.string "2.3.3"

kill-port@^1.1.0:
  version "1.2.0"
  resolved "http://localhost:4873/kill-port/-/kill-port-1.2.0.tgz#5cf7d4b0707be94558d3ff273398037479375cbb"
  dependencies:
    execa "^0.10.0"
    get-them-args "^1.3.1"

kuler@0.0.x:
  version "0.0.0"
  resolved "http://localhost:4873/kuler/-/kuler-0.0.0.tgz#b66bb46b934e550f59d818848e0abba4f7f5553c"
  dependencies:
    colornames "0.0.2"

latinize@0.4.0:
  version "0.4.0"
  resolved "http://localhost:4873/latinize/-/latinize-0.4.0.tgz#27439b21e4eb7506c37717b638f1df2c49075a48"

lodash@4.17.10:
  version "4.17.10"
  resolved "http://localhost:4873/lodash/-/lodash-4.17.10.tgz#1b7793cf7259ea38fb3661d4d38b3260af8ae4e7"

loose-envify@^1.0.0, loose-envify@^1.3.1:
  version "1.3.1"
  resolved "http://localhost:4873/loose-envify/-/loose-envify-1.3.1.tgz#d1a8ad33fa9ce0e713d65fdd0ac8b748d478c848"
  dependencies:
    js-tokens "^3.0.0"

millisecond@0.1.x:
  version "0.1.2"
  resolved "http://localhost:4873/millisecond/-/millisecond-0.1.2.tgz#6cc5ad386241cab8e78aff964f87028eec92dac5"

min-document@^2.19.0:
  version "2.19.0"
  resolved "http://localhost:4873/min-document/-/min-document-2.19.0.tgz#7bd282e3f5842ed295bb748cdd9f1ffa2c824685"
  dependencies:
    dom-walk "^0.1.0"

mobx-formatters@^1.0.2:
  version "1.0.2"
  resolved "http://localhost:4873/mobx-formatters/-/mobx-formatters-1.0.2.tgz#7eac3957adab1eeaca1c4a9c25da058b5765ee2a"

mobx-react-devtools@^5.0.1:
  version "5.0.1"
  resolved "http://localhost:4873/mobx-react-devtools/-/mobx-react-devtools-5.0.1.tgz#9473c85929b2fc0c95086430419028cebd96fb3b"

mobx-react@^5.1.2:
  version "5.2.3"
  resolved "http://localhost:4873/mobx-react/-/mobx-react-5.2.3.tgz#cdf6141c2fe63377c5813cbd254e8ce0d4676631"
  dependencies:
    hoist-non-react-statics "^2.5.0"
    react-lifecycles-compat "^3.0.2"

mobx-utils@5.0.0:
  version "5.0.0"
  resolved "http://localhost:4873/mobx-utils/-/mobx-utils-5.0.0.tgz#384e805064c237b9a9446788a9e68278a3437610"

nanoid@~1.0.2:
  version "1.0.3"
  resolved "http://localhost:4873/nanoid/-/nanoid-1.0.3.tgz#3ff31779301f481baa52a6a31a67c8f6e91949d2"

nice-try@^1.0.4:
  version "1.0.4"
  resolved "http://localhost:4873/nice-try/-/nice-try-1.0.4.tgz#d93962f6c52f2c1558c0fbda6d512819f1efe1c4"

node-fetch@^1.0.1:
  version "1.7.3"
  resolved "http://localhost:4873/node-fetch/-/node-fetch-1.7.3.tgz#980f6f72d85211a5347c6b2bc18c5b84c3eb47ef"
  dependencies:
    encoding "^0.1.11"
    is-stream "^1.0.1"

npm-run-path@^2.0.0:
  version "2.0.2"
  resolved "http://localhost:4873/npm-run-path/-/npm-run-path-2.0.2.tgz#35a9232dfa35d7067b4cb2ddf2357b1871536c5f"
  dependencies:
    path-key "^2.0.0"

object-assign@^4.1.0, object-assign@^4.1.1:
  version "4.1.1"
  resolved "http://localhost:4873/object-assign/-/object-assign-4.1.1.tgz#2109adc7965887cfc05cbbd442cac8bfbb360863"

p-finally@^1.0.0:
  version "1.0.0"
  resolved "http://localhost:4873/p-finally/-/p-finally-1.0.0.tgz#3fbcfb15b899a44123b34b6dcc18b724336a2cae"

path-key@^2.0.0, path-key@^2.0.1:
  version "2.0.1"
  resolved "http://localhost:4873/path-key/-/path-key-2.0.1.tgz#411cadb574c5a140d3a4b1910d40d80cc9f40b40"

pluralize@^7.0.0:
  version "7.0.0"
  resolved "http://localhost:4873/pluralize/-/pluralize-7.0.0.tgz#298b89df8b93b0221dbf421ad2b1b1ea23fc6777"

predefine@0.1.x:
  version "0.1.2"
  resolved "http://localhost:4873/predefine/-/predefine-0.1.2.tgz#2aa92b4496bc1f8554e43a45f76bfbe50d33d37f"
  dependencies:
    extendible "0.1.x"

primus@^7.1.1:
  version "7.2.2"
  resolved "http://localhost:4873/primus/-/primus-7.2.2.tgz#0d399115fb5f5e4e9bba4a2a13381d75dfeb8d4e"
  dependencies:
    access-control "~1.0.0"
    asyncemit "~3.0.1"
    create-server "~1.0.1"
    diagnostics "~1.1.0"
    eventemitter3 "~3.1.0"
    forwarded-for "~1.0.1"
    fusing "~1.0.0"
    nanoid "~1.0.2"
    setheader "~0.0.4"
    ultron "~1.1.0"

process@~0.5.1:
  version "0.5.2"
  resolved "http://localhost:4873/process/-/process-0.5.2.tgz#1638d8a8e34c2f440a91db95ab9aeb677fc185cf"

promise@^7.1.1:
  version "7.3.1"
  resolved "http://localhost:4873/promise/-/promise-7.3.1.tgz#064b72602b18f90f29192b8b1bc418ffd1ebd3bf"
  dependencies:
    asap "~2.0.3"

prop-types@^15.6.1:
  version "15.6.1"
  resolved "http://localhost:4873/prop-types/-/prop-types-15.6.1.tgz#36644453564255ddda391191fb3a125cbdf654ca"
  dependencies:
    fbjs "^0.8.16"
    loose-envify "^1.3.1"
    object-assign "^4.1.1"

randomcolor@^0.5.3:
  version "0.5.3"
  resolved "http://localhost:4873/randomcolor/-/randomcolor-0.5.3.tgz#7f90f2f2a7f6d5a52232161eeaeeaea9ac3b5815"

react-fast-compare@^1.0.0:
  version "1.0.0"
  resolved "http://localhost:4873/react-fast-compare/-/react-fast-compare-1.0.0.tgz#813a039155e49b43ceffe99528fe5e9d97a6c938"

react-hot-loader@4.3.2:
  version "4.3.2"
  resolved "http://localhost:4873/react-hot-loader/-/react-hot-loader-4.3.2.tgz#42d629a541d12c84df5e8333534ea6ef99b7ae49"
  dependencies:
    fast-levenshtein "^2.0.6"
    global "^4.3.0"
    hoist-non-react-statics "^2.5.0"
    prop-types "^15.6.1"
    react-lifecycles-compat "^3.0.4"
    shallowequal "^1.0.2"

react-lifecycles-compat@^3.0.2, react-lifecycles-compat@^3.0.4:
  version "3.0.4"
  resolved "http://localhost:4873/react-lifecycles-compat/-/react-lifecycles-compat-3.0.4.tgz#4f1a273afdfc8f3488a8c516bfda78f872352362"

react-spring@5.3.11:
  version "5.3.11"
  resolved "http://localhost:4873/react-spring/-/react-spring-5.3.11.tgz#e93fd7a6b98c54eae40eb782c62e598a1b6f669c"
  dependencies:
    "@babel/runtime" "7.0.0-beta.49"

reconnecting-websocket@^3.2.2:
  version "3.2.2"
  resolved "http://localhost:4873/reconnecting-websocket/-/reconnecting-websocket-3.2.2.tgz#8097514e926e9855e03c39e76efa2e3d1f371bee"

regenerator-runtime@0.11.1, regenerator-runtime@^0.11.1:
  version "0.11.1"
  resolved "http://localhost:4873/regenerator-runtime/-/regenerator-runtime-0.11.1.tgz#be05ad7f9bf7d22e056f9726cee5017fbf19e2e9"

"safer-buffer@>= 2.1.2 < 3":
  version "2.1.2"
  resolved "http://localhost:4873/safer-buffer/-/safer-buffer-2.1.2.tgz#44fa161b0187b9549dd84bb91802f9bd8385cd6a"

semver@^5.5.0:
  version "5.5.0"
  resolved "http://localhost:4873/semver/-/semver-5.5.0.tgz#dc4bbc7a6ca9d916dee5d43516f0092b58f7b8ab"

setheader@0.0.x, setheader@~0.0.4:
  version "0.0.4"
  resolved "http://localhost:4873/setheader/-/setheader-0.0.4.tgz#926ed28cf762149620931e7aea3f1b95816ec694"
  dependencies:
    debug "0.7.x"

setimmediate@^1.0.5:
  version "1.0.5"
  resolved "http://localhost:4873/setimmediate/-/setimmediate-1.0.5.tgz#290cbb232e306942d7d7ea9b83732ab7856f8285"

shallowequal@^1.0.2:
  version "1.0.2"
  resolved "http://localhost:4873/shallowequal/-/shallowequal-1.0.2.tgz#1561dbdefb8c01408100319085764da3fcf83f8f"

shebang-command@^1.2.0:
  version "1.2.0"
  resolved "http://localhost:4873/shebang-command/-/shebang-command-1.2.0.tgz#44aac65b695b03398968c39f363fee5deafdf1ea"
  dependencies:
    shebang-regex "^1.0.0"

shebang-regex@^1.0.0:
  version "1.0.0"
  resolved "http://localhost:4873/shebang-regex/-/shebang-regex-1.0.0.tgz#da42f49740c0b42db2ca9728571cb190c98efea3"

signal-exit@^3.0.0:
  version "3.0.2"
  resolved "http://localhost:4873/signal-exit/-/signal-exit-3.0.2.tgz#b5fdc08f1287ea1178628e415e25132b73646c6d"

simple-quadtree@^0.1.3:
  version "0.1.3"
  resolved "http://localhost:4873/simple-quadtree/-/simple-quadtree-0.1.3.tgz#91159078d3a6081c889db05a335d4c9b5a5e3888"

simple-swizzle@^0.2.2:
  version "0.2.2"
  resolved "http://localhost:4873/simple-swizzle/-/simple-swizzle-0.2.2.tgz#a4da6b635ffcccca33f70d17cb92592de95e557a"
  dependencies:
    is-arrayish "^0.3.1"

strip-eof@^1.0.0:
  version "1.0.0"
  resolved "http://localhost:4873/strip-eof/-/strip-eof-1.0.0.tgz#bb43ff5598a6eb05d89b59fcd129c983313606bf"

text-hex@0.0.x:
  version "0.0.0"
  resolved "http://localhost:4873/text-hex/-/text-hex-0.0.0.tgz#578fbc85a6a92636e42dd17b41d0218cce9eb2b3"

time-ago@^0.1.0:
  version "0.1.0"
  resolved "http://localhost:4873/time-ago/-/time-ago-0.1.0.tgz#5b4921a11843081c95ea50930084f90007f4a026"

ua-parser-js@^0.7.9:
  version "0.7.18"
  resolved "http://localhost:4873/ua-parser-js/-/ua-parser-js-0.7.18.tgz#a7bfd92f56edfb117083b69e31d2aa8882d4b1ed"

ultron@~1.1.0:
  version "1.1.1"
  resolved "http://localhost:4873/ultron/-/ultron-1.1.1.tgz#9fe1536a10a664a65266a1e3ccf85fd36302bc9c"

underscore.string@2.3.3:
  version "2.3.3"
  resolved "http://localhost:4873/underscore.string/-/underscore.string-2.3.3.tgz#71c08bf6b428b1133f37e78fa3a21c82f7329b0d"

underscore@1.7.0:
  version "1.7.0"
  resolved "http://localhost:4873/underscore/-/underscore-1.7.0.tgz#6bbaf0877500d36be34ecaa584e0db9fef035209"

vary@1.1.x:
  version "1.1.2"
  resolved "http://localhost:4873/vary/-/vary-1.1.2.tgz#2299f02c6ded30d4a5961b0b9f74524a18f634fc"

whatwg-fetch@>=0.10.0:
  version "2.0.4"
  resolved "http://localhost:4873/whatwg-fetch/-/whatwg-fetch-2.0.4.tgz#dde6a5df315f9d39991aa17621853d720b85566f"

which@^1.2.9:
  version "1.3.1"
  resolved "http://localhost:4873/which/-/which-1.3.1.tgz#a45043d54f5805316da8d62f9f50918d3da70b0a"
  dependencies:
    isexe "^2.0.0"
