# THIS IS AN AUTOGENERATED FILE. DO NOT EDIT THIS FILE DIRECTLY.
# yarn lockfile v1


"@types/core-js@^0.9.41":
  version "0.9.41"
  resolved "https://registry.yarnpkg.com/@types/core-js/-/core-js-0.9.41.tgz#cfeceb63c2beaa29f882252c7c18e0e9471ff4e2"

argsarray@0.0.1:
  version "0.0.1"
  resolved "https://registry.yarnpkg.com/argsarray/-/argsarray-0.0.1.tgz#6e7207b4ecdb39b0af88303fa5ae22bda8df61cb"

asap@~2.0.3:
  version "2.0.5"
  resolved "https://registry.yarnpkg.com/asap/-/asap-2.0.5.tgz#522765b50c3510490e52d7dcfe085ef9ba96958f"

babel-runtime@^6.23.0:
  version "6.23.0"
  resolved "https://registry.yarnpkg.com/babel-runtime/-/babel-runtime-6.23.0.tgz#0a9489f144de70efb3ce4300accdb329e2fc543b"
  dependencies:
    core-js "^2.4.0"
    regenerator-runtime "^0.10.0"

buffer-from@0.1.1:
  version "0.1.1"
  resolved "https://registry.yarnpkg.com/buffer-from/-/buffer-from-0.1.1.tgz#57b18b1da0a19ec06f33837a5275a242351bd75e"
  dependencies:
    is-array-buffer-x "^1.0.13"

clone-buffer@1.0.0:
  version "1.0.0"
  resolved "https://registry.yarnpkg.com/clone-buffer/-/clone-buffer-1.0.0.tgz#e3e25b207ac4e701af721e2cb5a16792cac3dc58"

clone@^2.1.1:
  version "2.1.1"
  resolved "https://registry.yarnpkg.com/clone/-/clone-2.1.1.tgz#d217d1e961118e3ac9a4b8bba3285553bf647cdb"

core-js@^1.0.0:
  version "1.2.7"
  resolved "https://registry.yarnpkg.com/core-js/-/core-js-1.2.7.tgz#652294c14651db28fa93bd2d5ff2983a4f08c636"

core-js@^2.4.0:
  version "2.4.1"
  resolved "https://registry.yarnpkg.com/core-js/-/core-js-2.4.1.tgz#4de911e667b0eae9124e34254b53aea6fc618d3e"

crypto-js@3.1.8:
  version "3.1.8"
  resolved "https://registry.yarnpkg.com/crypto-js/-/crypto-js-3.1.8.tgz#715f070bf6014f2ae992a98b3929258b713f08d5"

debug@2.6.1:
  version "2.6.1"
  resolved "https://registry.yarnpkg.com/debug/-/debug-2.6.1.tgz#79855090ba2c4e3115cc7d8769491d58f0491351"
  dependencies:
    ms "0.7.2"

deep-equal@^1.0.1:
  version "1.0.1"
  resolved "https://registry.yarnpkg.com/deep-equal/-/deep-equal-1.0.1.tgz#f5d260292b660e084eff4cdbc9f08ad3247448b5"

encoding@^0.1.11:
  version "0.1.12"
  resolved "https://registry.yarnpkg.com/encoding/-/encoding-0.1.12.tgz#538b66f3ee62cd1ab51ec323829d1f9480c74beb"
  dependencies:
    iconv-lite "~0.4.13"

es6-promise@^4.0.5:
  version "4.1.0"
  resolved "https://registry.yarnpkg.com/es6-promise/-/es6-promise-4.1.0.tgz#dda03ca8f9f89bc597e689842929de7ba8cebdf0"

fbjs@^0.8.9:
  version "0.8.12"
  resolved "https://registry.yarnpkg.com/fbjs/-/fbjs-0.8.12.tgz#10b5d92f76d45575fd63a217d4ea02bea2f8ed04"
  dependencies:
    core-js "^1.0.0"
    isomorphic-fetch "^2.1.1"
    loose-envify "^1.0.0"
    object-assign "^4.1.0"
    promise "^7.1.1"
    setimmediate "^1.0.5"
    ua-parser-js "^0.7.9"

generate-function@^2.0.0:
  version "2.0.0"
  resolved "https://registry.yarnpkg.com/generate-function/-/generate-function-2.0.0.tgz#6858fe7c0969b7d4e9093337647ac79f60dfbe74"

generate-object-property@^1.1.0:
  version "1.2.0"
  resolved "https://registry.yarnpkg.com/generate-object-property/-/generate-object-property-1.2.0.tgz#9c0e1c40308ce804f4783618b937fa88f99d50d0"
  dependencies:
    is-property "^1.0.0"

has-symbol-support-x@^1.2.0:
  version "1.2.0"
  resolved "https://registry.yarnpkg.com/has-symbol-support-x/-/has-symbol-support-x-1.2.0.tgz#e624ead5190c35b34e4e299344dff6437db02ce2"

has-to-string-tag-x@^1.2.0:
  version "1.2.0"
  resolved "https://registry.yarnpkg.com/has-to-string-tag-x/-/has-to-string-tag-x-1.2.0.tgz#c536dc4dbbebe1be9d28f624fd320f793129fd53"
  dependencies:
    has-symbol-support-x "^1.2.0"

hash-sum@1.0.2:
  version "1.0.2"
  resolved "https://registry.yarnpkg.com/hash-sum/-/hash-sum-1.0.2.tgz#33b40777754c6432573c120cc3808bbd10d47f04"

iconv-lite@~0.4.13:
  version "0.4.17"
  resolved "https://registry.yarnpkg.com/iconv-lite/-/iconv-lite-0.4.17.tgz#4fdaa3b38acbc2c031b045d0edcdfe1ecab18c8d"

immediate@3.0.6, immediate@~3.0.5:
  version "3.0.6"
  resolved "https://registry.yarnpkg.com/immediate/-/immediate-3.0.6.tgz#9db1dbd0faf8de6fbe0f5dd5e56bb606280de69b"

inherits@2.0.3:
  version "2.0.3"
  resolved "https://registry.yarnpkg.com/inherits/-/inherits-2.0.3.tgz#633c2c83e3da42a502f52466022480f4208261de"

invariant@2.x.x:
  version "2.2.2"
  resolved "https://registry.yarnpkg.com/invariant/-/invariant-2.2.2.tgz#9e1f56ac0acdb6bf303306f338be3b204ae60360"
  dependencies:
    loose-envify "^1.0.0"

is-array-buffer-x@^1.0.13:
  version "1.2.1"
  resolved "https://registry.yarnpkg.com/is-array-buffer-x/-/is-array-buffer-x-1.2.1.tgz#579180688b612b3691700d6c9ab335d6fd46955c"
  dependencies:
    has-to-string-tag-x "^1.2.0"
    is-object-like-x "^1.2.0"
    to-string-tag-x "^1.2.0"

is-function-x@^1.2.0:
  version "1.2.0"
  resolved "https://registry.yarnpkg.com/is-function-x/-/is-function-x-1.2.0.tgz#1c839899f07bd23dfc695e4f0655107be852762d"
  dependencies:
    has-to-string-tag-x "^1.2.0"
    is-primitive "^2.0.0"
    to-string-tag-x "^1.1.1"

is-my-json-valid@^2.16.0:
  version "2.16.0"
  resolved "https://registry.yarnpkg.com/is-my-json-valid/-/is-my-json-valid-2.16.0.tgz#f079dd9bfdae65ee2038aae8acbc86ab109e3693"
  dependencies:
    generate-function "^2.0.0"
    generate-object-property "^1.1.0"
    jsonpointer "^4.0.0"
    xtend "^4.0.0"

is-object-like-x@^1.2.0:
  version "1.2.0"
  resolved "https://registry.yarnpkg.com/is-object-like-x/-/is-object-like-x-1.2.0.tgz#b5929d8f12ab92daee9d2f754b831844bcc08c21"
  dependencies:
    is-function-x "^1.2.0"
    is-primitive "^2.0.0"

is-primitive@^2.0.0:
  version "2.0.0"
  resolved "https://registry.yarnpkg.com/is-primitive/-/is-primitive-2.0.0.tgz#207bab91638499c07b2adf240a41a87210034575"

is-property@^1.0.0:
  version "1.0.2"
  resolved "https://registry.yarnpkg.com/is-property/-/is-property-1.0.2.tgz#57fe1c4e48474edd65b09911f26b1cd4095dda84"

is-stream@^1.0.1:
  version "1.1.0"
  resolved "https://registry.yarnpkg.com/is-stream/-/is-stream-1.1.0.tgz#12d4a3dd4e68e0b79ceb8dbc84173ae80d91ca44"

isomorphic-fetch@^2.1.1:
  version "2.2.1"
  resolved "https://registry.yarnpkg.com/isomorphic-fetch/-/isomorphic-fetch-2.2.1.tgz#611ae1acf14f5e81f729507472819fe9733558a9"
  dependencies:
    node-fetch "^1.0.1"
    whatwg-fetch ">=0.10.0"

js-tokens@^3.0.0:
  version "3.0.1"
  resolved "https://registry.yarnpkg.com/js-tokens/-/js-tokens-3.0.1.tgz#08e9f132484a2c45a30907e9dc4d5567b7f114d7"

jsonpointer@^4.0.0:
  version "4.0.1"
  resolved "https://registry.yarnpkg.com/jsonpointer/-/jsonpointer-4.0.1.tgz#4fd92cb34e0e9db3c89c8622ecf51f9b978c6cb9"

kontur@^0.2.0:
  version "0.2.0"
  resolved "https://registry.yarnpkg.com/kontur/-/kontur-0.2.0.tgz#90665fb2528da37430988ed2e98823ff20a285a0"

lie@3.1.1:
  version "3.1.1"
  resolved "https://registry.yarnpkg.com/lie/-/lie-3.1.1.tgz#9a436b2cc7746ca59de7a41fa469b3efb76bd87e"
  dependencies:
    immediate "~3.0.5"

lodash.isnull@^3.0.0:
  version "3.0.0"
  resolved "https://registry.yarnpkg.com/lodash.isnull/-/lodash.isnull-3.0.0.tgz#fafbe59ea1dca27eed786534039dd84c2e07c56e"

loose-envify@^1.0.0, loose-envify@^1.3.1:
  version "1.3.1"
  resolved "https://registry.yarnpkg.com/loose-envify/-/loose-envify-1.3.1.tgz#d1a8ad33fa9ce0e713d65fdd0ac8b748d478c848"
  dependencies:
    js-tokens "^3.0.0"

mobx@^3.1.0:
  version "3.1.15"
  resolved "https://registry.yarnpkg.com/mobx/-/mobx-3.1.15.tgz#b2c8831725de2f6f1b8d136e589b674b5b75c35d"

modifyjs@0.3.1:
  version "0.3.1"
  resolved "https://registry.yarnpkg.com/modifyjs/-/modifyjs-0.3.1.tgz#72469477fb4c470971d617a63ba1bbde9aaac7cf"
  dependencies:
    clone "^2.1.1"
    deep-equal "^1.0.1"

ms@0.7.2:
  version "0.7.2"
  resolved "https://registry.yarnpkg.com/ms/-/ms-0.7.2.tgz#ae25cf2512b3885a1d95d7f037868d8431124765"

node-fetch@^1.0.1:
  version "1.7.1"
  resolved "https://registry.yarnpkg.com/node-fetch/-/node-fetch-1.7.1.tgz#899cb3d0a3c92f952c47f1b876f4c8aeabd400d5"
  dependencies:
    encoding "^0.1.11"
    is-stream "^1.0.1"

object-assign@^4.1.0:
  version "4.1.1"
  resolved "https://registry.yarnpkg.com/object-assign/-/object-assign-4.1.1.tgz#2109adc7965887cfc05cbbd442cac8bfbb360863"

object-path@0.11.4:
  version "0.11.4"
  resolved "https://registry.yarnpkg.com/object-path/-/object-path-0.11.4.tgz#370ae752fbf37de3ea70a861c23bba8915691949"

pouchdb-abstract-mapreduce@6.2.0:
  version "6.2.0"
  resolved "https://registry.yarnpkg.com/pouchdb-abstract-mapreduce/-/pouchdb-abstract-mapreduce-6.2.0.tgz#55858d1799c89290185df56b71c843a481abcbae"
  dependencies:
    pouchdb-binary-utils "6.2.0"
    pouchdb-collate "6.2.0"
    pouchdb-collections "6.2.0"
    pouchdb-mapreduce-utils "6.2.0"
    pouchdb-md5 "6.2.0"
    pouchdb-promise "6.2.0"
    pouchdb-utils "6.2.0"

pouchdb-binary-utils@6.2.0:
  version "6.2.0"
  resolved "https://registry.yarnpkg.com/pouchdb-binary-utils/-/pouchdb-binary-utils-6.2.0.tgz#dc4154c01b92fb9ad87fdf695394a91b5d9429bf"
  dependencies:
    buffer-from "0.1.1"

pouchdb-changes-filter@6.2.0:
  version "6.2.0"
  resolved "https://registry.yarnpkg.com/pouchdb-changes-filter/-/pouchdb-changes-filter-6.2.0.tgz#62649554cef2c9e7e846c452eb0d35ce0811a5e8"
  dependencies:
    pouchdb-errors "6.2.0"
    pouchdb-selector-core "6.2.0"
    pouchdb-utils "6.2.0"

pouchdb-collate@6.2.0:
  version "6.2.0"
  resolved "https://registry.yarnpkg.com/pouchdb-collate/-/pouchdb-collate-6.2.0.tgz#9ee5e578de004581c148754f7decdc0b70495ffc"

pouchdb-collections@6.2.0:
  version "6.2.0"
  resolved "https://registry.yarnpkg.com/pouchdb-collections/-/pouchdb-collections-6.2.0.tgz#f532601870cbd329ba0c6005bcdd301126825be2"

pouchdb-core@6.2.0, pouchdb-core@^6.2.0:
  version "6.2.0"
  resolved "https://registry.yarnpkg.com/pouchdb-core/-/pouchdb-core-6.2.0.tgz#f310cf51794cb49363fb398a14ff66838cf6f511"
  dependencies:
    argsarray "0.0.1"
    inherits "2.0.3"
    pouchdb-changes-filter "6.2.0"
    pouchdb-collections "6.2.0"
    pouchdb-debug "6.2.0"
    pouchdb-errors "6.2.0"
    pouchdb-merge "6.2.0"
    pouchdb-promise "6.2.0"
    pouchdb-utils "6.2.0"

pouchdb-debug@6.2.0:
  version "6.2.0"
  resolved "https://registry.yarnpkg.com/pouchdb-debug/-/pouchdb-debug-6.2.0.tgz#d5617a5fcbb3881fecb45e22550dee750a8de5c3"
  dependencies:
    debug "2.6.1"

pouchdb-errors@6.2.0:
  version "6.2.0"
  resolved "https://registry.yarnpkg.com/pouchdb-errors/-/pouchdb-errors-6.2.0.tgz#5ccbefaf2b92e918d5d90b5a5b779376464b5907"
  dependencies:
    inherits "2.0.3"

pouchdb-find@6.2.0:
  version "6.2.0"
  resolved "https://registry.yarnpkg.com/pouchdb-find/-/pouchdb-find-6.2.0.tgz#a824e158e25b0816614d67e680a4d8c8a694fa1e"
  dependencies:
    pouchdb-abstract-mapreduce "6.2.0"
    pouchdb-collate "6.2.0"
    pouchdb-md5 "6.2.0"
    pouchdb-promise "6.2.0"
    pouchdb-selector-core "6.2.0"
    pouchdb-utils "6.2.0"

pouchdb-mapreduce-utils@6.2.0:
  version "6.2.0"
  resolved "https://registry.yarnpkg.com/pouchdb-mapreduce-utils/-/pouchdb-mapreduce-utils-6.2.0.tgz#fe6c15eff1a6fe48d68f973c7a79ef492652ca2f"
  dependencies:
    argsarray "0.0.1"
    inherits "2.0.3"
    pouchdb-collections "6.2.0"
    pouchdb-utils "6.2.0"

pouchdb-md5@6.2.0:
  version "6.2.0"
  resolved "https://registry.yarnpkg.com/pouchdb-md5/-/pouchdb-md5-6.2.0.tgz#7581fc4e932c57c78ee48d25a7d0014bff008e4d"
  dependencies:
    pouchdb-binary-utils "6.2.0"
    spark-md5 "3.0.0"

pouchdb-merge@6.2.0:
  version "6.2.0"
  resolved "https://registry.yarnpkg.com/pouchdb-merge/-/pouchdb-merge-6.2.0.tgz#65ca6d94aed6f9b3b51fed9318d33a302a99ee2f"

pouchdb-promise@6.2.0:
  version "6.2.0"
  resolved "https://registry.yarnpkg.com/pouchdb-promise/-/pouchdb-promise-6.2.0.tgz#1e4fcec0aa0678df583e6a7b4b996ba010a608fe"
  dependencies:
    lie "3.1.1"

pouchdb-selector-core@6.2.0:
  version "6.2.0"
  resolved "https://registry.yarnpkg.com/pouchdb-selector-core/-/pouchdb-selector-core-6.2.0.tgz#ab753c17182bc394e6a6b1de275331161f85e325"
  dependencies:
    pouchdb-collate "6.2.0"
    pouchdb-utils "6.2.0"

pouchdb-utils@6.2.0:
  version "6.2.0"
  resolved "https://registry.yarnpkg.com/pouchdb-utils/-/pouchdb-utils-6.2.0.tgz#cd8d4207a34e478b49af201ff0c51ea733244061"
  dependencies:
    argsarray "0.0.1"
    clone-buffer "1.0.0"
    immediate "3.0.6"
    inherits "2.0.3"
    pouchdb-collections "6.2.0"
    pouchdb-errors "6.2.0"
    pouchdb-promise "6.2.0"

promise@^7.1.1:
  version "7.1.1"
  resolved "https://registry.yarnpkg.com/promise/-/promise-7.1.1.tgz#489654c692616b8aa55b0724fa809bb7db49c5bf"
  dependencies:
    asap "~2.0.3"

prop-types@^15.5.9:
  version "15.5.10"
  resolved "https://registry.yarnpkg.com/prop-types/-/prop-types-15.5.10.tgz#2797dfc3126182e3a95e3dfbb2e893ddd7456154"
  dependencies:
    fbjs "^0.8.9"
    loose-envify "^1.3.1"

punycode@1.3.2:
  version "1.3.2"
  resolved "https://registry.yarnpkg.com/punycode/-/punycode-1.3.2.tgz#9653a036fb7c1ee42342f2325cceefea3926c48d"

querystring@0.2.0:
  version "0.2.0"
  resolved "https://registry.yarnpkg.com/querystring/-/querystring-0.2.0.tgz#b209849203bb25df820da756e747005878521620"

random-token@0.0.8:
  version "0.0.8"
  resolved "https://registry.yarnpkg.com/random-token/-/random-token-0.0.8.tgz#1cf845af3fb31e57f7caa4b9a173478c46483b61"

react-tunnel@0.1.0:
  version "0.1.0"
  resolved "https://registry.yarnpkg.com/react-tunnel/-/react-tunnel-0.1.0.tgz#5179c1cdef37020caea9eccd8169b65807890385"
  dependencies:
    invariant "2.x.x"

regenerator-runtime@^0.10.0:
  version "0.10.5"
  resolved "https://registry.yarnpkg.com/regenerator-runtime/-/regenerator-runtime-0.10.5.tgz#336c3efc1220adcedda2c9fab67b5a7955a33658"

rxdb@^5.0.0:
  version "5.0.0"
  resolved "https://registry.yarnpkg.com/rxdb/-/rxdb-5.0.0.tgz#5dbd0af7cace3ff5425a77f67a7e06b7044f019f"
  dependencies:
    "@types/core-js" "^0.9.41"
    babel-runtime "^6.23.0"
    clone "^2.1.1"
    crypto-js "3.1.8"
    deep-equal "^1.0.1"
    es6-promise "^4.0.5"
    is-my-json-valid "^2.16.0"
    modifyjs "0.3.1"
    object-path "0.11.4"
    pouchdb-core "6.2.0"
    pouchdb-find "6.2.0"
    random-token "0.0.8"
    spark-md5 "3.0.0"
    unload "^1.3.5"
    url "0.11.0"

setimmediate@^1.0.5:
  version "1.0.5"
  resolved "https://registry.yarnpkg.com/setimmediate/-/setimmediate-1.0.5.tgz#290cbb232e306942d7d7ea9b83732ab7856f8285"

spark-md5@3.0.0:
  version "3.0.0"
  resolved "https://registry.yarnpkg.com/spark-md5/-/spark-md5-3.0.0.tgz#3722227c54e2faf24b1dc6d933cc144e6f71bfef"

to-string-tag-x@^1.1.1, to-string-tag-x@^1.2.0:
  version "1.2.0"
  resolved "https://registry.yarnpkg.com/to-string-tag-x/-/to-string-tag-x-1.2.0.tgz#22d8861bedde2db8f18e2da0a002a843e56e0135"
  dependencies:
    lodash.isnull "^3.0.0"
    validate.io-undefined "^1.0.3"

ua-parser-js@^0.7.9:
  version "0.7.12"
  resolved "https://registry.yarnpkg.com/ua-parser-js/-/ua-parser-js-0.7.12.tgz#04c81a99bdd5dc52263ea29d24c6bf8d4818a4bb"

unload@^1.3.5:
  version "1.3.5"
  resolved "https://registry.yarnpkg.com/unload/-/unload-1.3.5.tgz#028b8a61dd5ef9b576a983c06e02776676523c4d"

url@0.11.0:
  version "0.11.0"
  resolved "https://registry.yarnpkg.com/url/-/url-0.11.0.tgz#3838e97cfc60521eb73c525a8e55bfdd9e2e28f1"
  dependencies:
    punycode "1.3.2"
    querystring "0.2.0"

validate.io-undefined@^1.0.3:
  version "1.0.3"
  resolved "https://registry.yarnpkg.com/validate.io-undefined/-/validate.io-undefined-1.0.3.tgz#7e27fcbb315b841e78243431897671929e20b7f4"

whatwg-fetch@>=0.10.0:
  version "2.0.3"
  resolved "https://registry.yarnpkg.com/whatwg-fetch/-/whatwg-fetch-2.0.3.tgz#9c84ec2dcf68187ff00bc64e1274b442176e1c84"

xtend@^4.0.0:
  version "4.0.1"
  resolved "https://registry.yarnpkg.com/xtend/-/xtend-4.0.1.tgz#a5c6d532be656e23db820efb943a1f04998d63af"
