# THIS IS AN AUTOGENERATED FILE. DO NOT EDIT THIS FILE DIRECTLY.
# yarn lockfile v1


"@mcro/automagical@^1.5.1":
  version "1.5.1"
  resolved "https://registry.yarnpkg.com/@mcro/automagical/-/automagical-1.5.1.tgz#89efca1e5807f740778623cee0ee40643b592bc6"
  dependencies:
    global "^4.3.2"
    mobx "^3.3.1"
    mobx-utils "^3.2.1"
    rxjs "^5.4.3"

"@mcro/css@^1.5.1":
  version "1.5.1"
  resolved "https://registry.yarnpkg.com/@mcro/css/-/css-1.5.1.tgz#7f6017e3d2c4f9ccd59756df09cbe8e816bcad2f"

"@mcro/decor@^1.5.1":
  version "1.5.1"
  resolved "https://registry.yarnpkg.com/@mcro/decor/-/decor-1.5.1.tgz#e899293c68d6ba7c1bb193b8997360593be77696"
  dependencies:
    "@mcro/helpers" "^1.5.1"
    autobind-decorator "^2.1.0"
    hoist-non-react-statics "^2.3.1"
    lodash "^4.17.4"
    mobx "^3.3.1"
    mobx-react "^4.3.3"
    mobx-utils "^3.2.1"
    motion-mobx-helpers "*"
    prop-types "^15.5.10"
    react-mixin "^3.0.5"
    redbox-react "^1.5.0"
    sb-event-kit "^3.0.0"

"@mcro/gloss@^1.5.1":
  version "1.5.1"
  resolved "https://registry.yarnpkg.com/@mcro/gloss/-/gloss-1.5.1.tgz#f4f5a962644f655fece284e852a7dec7f43acd80"
  dependencies:
    "@mcro/css" "^1.5.1"
    babel-helper-builder-react-jsx "^6.24.1"
    deep-extend "^0.5.0"
    html-tags "^2.0.0"
    jss "^9.0.0"
    jss-cache "^3.0.0"
    jss-default-unit "^8.0.0"
    jss-global "^3.0.0"
    jss-nested "^6.0.0"
    jss-props-sort "^6.0.0"

"@mcro/helpers@^1.5.1":
  version "1.5.1"
  resolved "https://registry.yarnpkg.com/@mcro/helpers/-/helpers-1.5.1.tgz#1fb87c875be597ccb0de6add7f7b05877fbe9045"
  dependencies:
    disposable-event "^1.0.3"
    object-path "^0.11.3"
    sb-event-kit "^3.0.0"

asap@~2.0.3:
  version "2.0.6"
  resolved "https://registry.yarnpkg.com/asap/-/asap-2.0.6.tgz#e50347611d7e690943208bbdafebcbc2fb866d46"

autobind-decorator@^2.1.0:
  version "2.1.0"
  resolved "https://registry.yarnpkg.com/autobind-decorator/-/autobind-decorator-2.1.0.tgz#4451240dbfeff46361c506575a63ed40f0e5bc68"

babel-helper-builder-react-jsx@^6.24.1:
  version "6.26.0"
  resolved "https://registry.yarnpkg.com/babel-helper-builder-react-jsx/-/babel-helper-builder-react-jsx-6.26.0.tgz#39ff8313b75c8b65dceff1f31d383e0ff2a408a0"
  dependencies:
    babel-runtime "^6.26.0"
    babel-types "^6.26.0"
    esutils "^2.0.2"

babel-runtime@^6.26.0:
  version "6.26.0"
  resolved "https://registry.yarnpkg.com/babel-runtime/-/babel-runtime-6.26.0.tgz#965c7058668e82b55d7bfe04ff2337bc8b5647fe"
  dependencies:
    core-js "^2.4.0"
    regenerator-runtime "^0.11.0"

babel-types@^6.26.0:
  version "6.26.0"
  resolved "https://registry.yarnpkg.com/babel-types/-/babel-types-6.26.0.tgz#a3b073f94ab49eb6fa55cd65227a334380632497"
  dependencies:
    babel-runtime "^6.26.0"
    esutils "^2.0.2"
    lodash "^4.17.4"
    to-fast-properties "^1.0.3"

core-js@^1.0.0:
  version "1.2.7"
  resolved "https://registry.yarnpkg.com/core-js/-/core-js-1.2.7.tgz#652294c14651db28fa93bd2d5ff2983a4f08c636"

core-js@^2.4.0:
  version "2.5.3"
  resolved "https://registry.yarnpkg.com/core-js/-/core-js-2.5.3.tgz#8acc38345824f16d8365b7c9b4259168e8ed603e"

deep-extend@^0.5.0:
  version "0.5.0"
  resolved "https://registry.yarnpkg.com/deep-extend/-/deep-extend-0.5.0.tgz#6ef4a09b05f98b0e358d6d93d4ca3caec6672803"

disposable-event@^1.0.3:
  version "1.0.3"
  resolved "https://registry.yarnpkg.com/disposable-event/-/disposable-event-1.0.3.tgz#c51986ec63048237ca82472fe549f895214d0e35"
  dependencies:
    sb-event-kit "^2.0.0"

dom-walk@^0.1.0:
  version "0.1.1"
  resolved "https://registry.yarnpkg.com/dom-walk/-/dom-walk-0.1.1.tgz#672226dc74c8f799ad35307df936aba11acd6018"

encoding@^0.1.11:
  version "0.1.12"
  resolved "https://registry.yarnpkg.com/encoding/-/encoding-0.1.12.tgz#538b66f3ee62cd1ab51ec323829d1f9480c74beb"
  dependencies:
    iconv-lite "~0.4.13"

error-stack-parser@^1.3.6:
  version "1.3.6"
  resolved "https://registry.yarnpkg.com/error-stack-parser/-/error-stack-parser-1.3.6.tgz#e0e73b93e417138d1cd7c0b746b1a4a14854c292"
  dependencies:
    stackframe "^0.3.1"

esutils@^2.0.2:
  version "2.0.2"
  resolved "https://registry.yarnpkg.com/esutils/-/esutils-2.0.2.tgz#0abf4f1caa5bcb1f7a9d8acc6dea4faaa04bac9b"

fbjs@^0.8.16:
  version "0.8.16"
  resolved "https://registry.yarnpkg.com/fbjs/-/fbjs-0.8.16.tgz#5e67432f550dc41b572bf55847b8aca64e5337db"
  dependencies:
    core-js "^1.0.0"
    isomorphic-fetch "^2.1.1"
    loose-envify "^1.0.0"
    object-assign "^4.1.0"
    promise "^7.1.1"
    setimmediate "^1.0.5"
    ua-parser-js "^0.7.9"

global@^4.3.0, global@^4.3.2:
  version "4.3.2"
  resolved "https://registry.yarnpkg.com/global/-/global-4.3.2.tgz#e76989268a6c74c38908b1305b10fc0e394e9d0f"
  dependencies:
    min-document "^2.19.0"
    process "~0.5.1"

hoist-non-react-statics@^2.3.1:
  version "2.5.0"
  resolved "https://registry.yarnpkg.com/hoist-non-react-statics/-/hoist-non-react-statics-2.5.0.tgz#d2ca2dfc19c5a91c5a6615ce8e564ef0347e2a40"

html-tags@^2.0.0:
  version "2.0.0"
  resolved "https://registry.yarnpkg.com/html-tags/-/html-tags-2.0.0.tgz#10b30a386085f43cede353cc8fa7cb0deeea668b"

iconv-lite@~0.4.13:
  version "0.4.19"
  resolved "https://registry.yarnpkg.com/iconv-lite/-/iconv-lite-0.4.19.tgz#f7468f60135f5e5dad3399c0a81be9a1603a082b"

is-in-browser@^1.1.3:
  version "1.1.3"
  resolved "https://registry.yarnpkg.com/is-in-browser/-/is-in-browser-1.1.3.tgz#56ff4db683a078c6082eb95dad7dc62e1d04f835"

is-stream@^1.0.1:
  version "1.1.0"
  resolved "https://registry.yarnpkg.com/is-stream/-/is-stream-1.1.0.tgz#12d4a3dd4e68e0b79ceb8dbc84173ae80d91ca44"

isomorphic-fetch@^2.1.1:
  version "2.2.1"
  resolved "https://registry.yarnpkg.com/isomorphic-fetch/-/isomorphic-fetch-2.2.1.tgz#611ae1acf14f5e81f729507472819fe9733558a9"
  dependencies:
    node-fetch "^1.0.1"
    whatwg-fetch ">=0.10.0"

js-tokens@^3.0.0:
  version "3.0.2"
  resolved "https://registry.yarnpkg.com/js-tokens/-/js-tokens-3.0.2.tgz#9866df395102130e38f7f996bceb65443209c25b"

jss-cache@^3.0.0:
  version "3.0.0"
  resolved "https://registry.yarnpkg.com/jss-cache/-/jss-cache-3.0.0.tgz#c76848a486e6a00730d0996297db588ef265914f"

jss-default-unit@^8.0.0:
  version "8.0.2"
  resolved "https://registry.yarnpkg.com/jss-default-unit/-/jss-default-unit-8.0.2.tgz#cc1e889bae4c0b9419327b314ab1c8e2826890e6"

jss-global@^3.0.0:
  version "3.0.0"
  resolved "https://registry.yarnpkg.com/jss-global/-/jss-global-3.0.0.tgz#e19e5c91ab2b96353c227e30aa2cbd938cdaafa2"

jss-nested@^6.0.0:
  version "6.0.1"
  resolved "https://registry.yarnpkg.com/jss-nested/-/jss-nested-6.0.1.tgz#ef992b79d6e8f63d939c4397b9d99b5cbbe824ca"
  dependencies:
    warning "^3.0.0"

jss-props-sort@^6.0.0:
  version "6.0.0"
  resolved "https://registry.yarnpkg.com/jss-props-sort/-/jss-props-sort-6.0.0.tgz#9105101a3b5071fab61e2d85ea74cc22e9b16323"

jss@^9.0.0:
  version "9.8.0"
  resolved "https://registry.yarnpkg.com/jss/-/jss-9.8.0.tgz#77830def563870103f8671ed31ce3a3d2f32aa2b"
  dependencies:
    is-in-browser "^1.1.3"
    symbol-observable "^1.1.0"
    warning "^3.0.0"

lodash@^4.17.4:
  version "4.17.5"
  resolved "https://registry.yarnpkg.com/lodash/-/lodash-4.17.5.tgz#99a92d65c0272debe8c96b6057bc8fbfa3bed511"

loose-envify@^1.0.0, loose-envify@^1.3.1:
  version "1.3.1"
  resolved "https://registry.yarnpkg.com/loose-envify/-/loose-envify-1.3.1.tgz#d1a8ad33fa9ce0e713d65fdd0ac8b748d478c848"
  dependencies:
    js-tokens "^3.0.0"

min-document@^2.19.0:
  version "2.19.0"
  resolved "https://registry.yarnpkg.com/min-document/-/min-document-2.19.0.tgz#7bd282e3f5842ed295bb748cdd9f1ffa2c824685"
  dependencies:
    dom-walk "^0.1.0"

mobx-deep-observer@^0.0.4:
  version "0.0.4"
  resolved "https://registry.yarnpkg.com/mobx-deep-observer/-/mobx-deep-observer-0.0.4.tgz#ab2e36a5a660dcf0f758b662e0b0e61a20f0c158"
  dependencies:
    reflect-metadata "^0.1.10"

mobx-logger@^0.6.0:
  version "0.6.0"
  resolved "https://registry.yarnpkg.com/mobx-logger/-/mobx-logger-0.6.0.tgz#caa2d4a65257aa0a782d6f884e6207b834408122"

mobx-react@^4.3.3:
  version "4.4.2"
  resolved "https://registry.yarnpkg.com/mobx-react/-/mobx-react-4.4.2.tgz#22d710974883de1763cdafce3025570a79c64336"
  dependencies:
    hoist-non-react-statics "^2.3.1"

mobx-utils@^3.2.1:
  version "3.2.2"
  resolved "https://registry.yarnpkg.com/mobx-utils/-/mobx-utils-3.2.2.tgz#1979fe85a27df496d4f17af288813ac4fd356fd5"

mobx@^3.0.0, mobx@^3.3.1:
  version "3.5.1"
  resolved "https://registry.yarnpkg.com/mobx/-/mobx-3.5.1.tgz#8e682ec535cf44e04005b9e37e2df66acc975a42"

motion-mobx-helpers@*:
  version "1.1.3"
  resolved "https://registry.yarnpkg.com/motion-mobx-helpers/-/motion-mobx-helpers-1.1.3.tgz#8a0446ddbc6a35a7b5f5719512004f10713dda49"
  dependencies:
    mobx "^3.0.0"

node-fetch@^1.0.1:
  version "1.7.3"
  resolved "https://registry.yarnpkg.com/node-fetch/-/node-fetch-1.7.3.tgz#980f6f72d85211a5347c6b2bc18c5b84c3eb47ef"
  dependencies:
    encoding "^0.1.11"
    is-stream "^1.0.1"

object-assign@^4.0.1, object-assign@^4.1.0, object-assign@^4.1.1:
  version "4.1.1"
  resolved "https://registry.yarnpkg.com/object-assign/-/object-assign-4.1.1.tgz#2109adc7965887cfc05cbbd442cac8bfbb360863"

object-path@^0.11.3:
  version "0.11.4"
  resolved "https://registry.yarnpkg.com/object-path/-/object-path-0.11.4.tgz#370ae752fbf37de3ea70a861c23bba8915691949"

process@~0.5.1:
  version "0.5.2"
  resolved "https://registry.yarnpkg.com/process/-/process-0.5.2.tgz#1638d8a8e34c2f440a91db95ab9aeb677fc185cf"

promise@^7.1.1:
  version "7.3.1"
  resolved "https://registry.yarnpkg.com/promise/-/promise-7.3.1.tgz#064b72602b18f90f29192b8b1bc418ffd1ebd3bf"
  dependencies:
    asap "~2.0.3"

prop-types@^15.5.10, prop-types@^15.5.4, prop-types@^15.6.0:
  version "15.6.0"
  resolved "https://registry.yarnpkg.com/prop-types/-/prop-types-15.6.0.tgz#ceaf083022fc46b4a35f69e13ef75aed0d639856"
  dependencies:
    fbjs "^0.8.16"
    loose-envify "^1.3.1"
    object-assign "^4.1.1"

react-mixin@^3.0.5:
  version "3.1.1"
  resolved "https://registry.yarnpkg.com/react-mixin/-/react-mixin-3.1.1.tgz#68749756bfe32699e561372a4aeecb926db72b7f"
  dependencies:
    object-assign "^4.0.1"
    smart-mixin "^2.0.0"

redbox-react@^1.5.0:
  version "1.5.0"
  resolved "https://registry.yarnpkg.com/redbox-react/-/redbox-react-1.5.0.tgz#04dab11557d26651bf3562a67c22ace56c5d3967"
  dependencies:
    error-stack-parser "^1.3.6"
    object-assign "^4.0.1"
    prop-types "^15.5.4"
    sourcemapped-stacktrace "^1.1.6"

reflect-metadata@^0.1.10:
  version "0.1.12"
  resolved "https://registry.yarnpkg.com/reflect-metadata/-/reflect-metadata-0.1.12.tgz#311bf0c6b63cd782f228a81abe146a2bfa9c56f2"

regenerator-runtime@^0.11.0:
  version "0.11.1"
  resolved "https://registry.yarnpkg.com/regenerator-runtime/-/regenerator-runtime-0.11.1.tgz#be05ad7f9bf7d22e056f9726cee5017fbf19e2e9"

rxjs@^5.4.3:
  version "5.5.6"
  resolved "https://registry.yarnpkg.com/rxjs/-/rxjs-5.5.6.tgz#e31fb96d6fd2ff1fd84bcea8ae9c02d007179c02"
  dependencies:
    symbol-observable "1.0.1"

sb-event-kit@^2.0.0:
  version "2.0.0"
  resolved "https://registry.yarnpkg.com/sb-event-kit/-/sb-event-kit-2.0.0.tgz#10b736812f13a37a473aa6eaa3089b66ab725a7f"

sb-event-kit@^3.0.0:
  version "3.0.0"
  resolved "https://registry.yarnpkg.com/sb-event-kit/-/sb-event-kit-3.0.0.tgz#0deab6e8a2d9ddad73375e7b83da80bfc9105d24"

setimmediate@^1.0.5:
  version "1.0.5"
  resolved "https://registry.yarnpkg.com/setimmediate/-/setimmediate-1.0.5.tgz#290cbb232e306942d7d7ea9b83732ab7856f8285"

smart-mixin@^2.0.0:
  version "2.0.0"
  resolved "https://registry.yarnpkg.com/smart-mixin/-/smart-mixin-2.0.0.tgz#a34a1055e32a75b30d2b4e3ca323dc99cb53f437"

source-map@0.5.6:
  version "0.5.6"
  resolved "https://registry.yarnpkg.com/source-map/-/source-map-0.5.6.tgz#75ce38f52bf0733c5a7f0c118d81334a2bb5f412"

sourcemapped-stacktrace@^1.1.6:
  version "1.1.8"
  resolved "https://registry.yarnpkg.com/sourcemapped-stacktrace/-/sourcemapped-stacktrace-1.1.8.tgz#6b7a3f1a6fb15f6d40e701e23ce404553480d688"
  dependencies:
    source-map "0.5.6"

stackframe@^0.3.1:
  version "0.3.1"
  resolved "https://registry.yarnpkg.com/stackframe/-/stackframe-0.3.1.tgz#33aa84f1177a5548c8935533cbfeb3420975f5a4"

symbol-observable@1.0.1:
  version "1.0.1"
  resolved "https://registry.yarnpkg.com/symbol-observable/-/symbol-observable-1.0.1.tgz#8340fc4702c3122df5d22288f88283f513d3fdd4"

symbol-observable@^1.1.0:
  version "1.2.0"
  resolved "https://registry.yarnpkg.com/symbol-observable/-/symbol-observable-1.2.0.tgz#c22688aed4eab3cdc2dfeacbb561660560a00804"

to-fast-properties@^1.0.3:
  version "1.0.3"
  resolved "https://registry.yarnpkg.com/to-fast-properties/-/to-fast-properties-1.0.3.tgz#b83571fa4d8c25b82e231b06e3a3055de4ca1a47"

ua-parser-js@^0.7.9:
  version "0.7.17"
  resolved "https://registry.yarnpkg.com/ua-parser-js/-/ua-parser-js-0.7.17.tgz#e9ec5f9498b9ec910e7ae3ac626a805c4d09ecac"

warning@^3.0.0:
  version "3.0.0"
  resolved "https://registry.yarnpkg.com/warning/-/warning-3.0.0.tgz#32e5377cb572de4ab04753bdf8821c01ed605b7c"
  dependencies:
    loose-envify "^1.0.0"

whatwg-fetch@>=0.10.0:
  version "2.0.3"
  resolved "https://registry.yarnpkg.com/whatwg-fetch/-/whatwg-fetch-2.0.3.tgz#9c84ec2dcf68187ff00bc64e1274b442176e1c84"
